// !$*UTF8*$!
{
	archiveVersion = 1;
	classes = {
	};
	objectVersion = 56;
	objects = {

/* Begin PBXBuildFile section */
		020D0E4B2A1E5A6F007F3992 /* DropdownMenu.swift in Sources */ = {isa = PBXBuildFile; fileRef = 020D0E4A2A1E5A6F007F3992 /* DropdownMenu.swift */; };
		020D0E4E2A1E5B0E007F3992 /* DropdownMenuBuilder.swift in Sources */ = {isa = PBXBuildFile; fileRef = 020D0E4D2A1E5B0E007F3992 /* DropdownMenuBuilder.swift */; };
		020D0E522A1E6E5D007F3992 /* BaseBuilder.swift in Sources */ = {isa = PBXBuildFile; fileRef = 020D0E512A1E6E5D007F3992 /* BaseBuilder.swift */; };
		020D0E542A1E73A6007F3992 /* DropdownMenuFooter.swift in Sources */ = {isa = PBXBuildFile; fileRef = 020D0E532A1E73A6007F3992 /* DropdownMenuFooter.swift */; };
		020D0E562A1E73C0007F3992 /* DropdownMenuFooterBuilder.swift in Sources */ = {isa = PBXBuildFile; fileRef = 020D0E552A1E73C0007F3992 /* DropdownMenuFooterBuilder.swift */; };
		020D0E582A1E9CE0007F3992 /* ButtonBuilder.swift in Sources */ = {isa = PBXBuildFile; fileRef = 020D0E572A1E9CE0007F3992 /* ButtonBuilder.swift */; };
		020D0E5B2A1EADB6007F3992 /* Dock.swift in Sources */ = {isa = PBXBuildFile; fileRef = 020D0E5A2A1EADB6007F3992 /* Dock.swift */; };
		020D0E5D2A1EADCF007F3992 /* DockBuilder.swift in Sources */ = {isa = PBXBuildFile; fileRef = 020D0E5C2A1EADCF007F3992 /* DockBuilder.swift */; };
		020D0E5F2A1ECD0A007F3992 /* DropdownMenuActions.swift in Sources */ = {isa = PBXBuildFile; fileRef = 020D0E5E2A1ECD0A007F3992 /* DropdownMenuActions.swift */; };
		020D0E612A1ECD20007F3992 /* DockActions.swift in Sources */ = {isa = PBXBuildFile; fileRef = 020D0E602A1ECD20007F3992 /* DockActions.swift */; };
		020D0E632A1ECE02007F3992 /* ViewBuilder.swift in Sources */ = {isa = PBXBuildFile; fileRef = 020D0E622A1ECE02007F3992 /* ViewBuilder.swift */; };
		020D0E662A1ED628007F3992 /* TextField.swift in Sources */ = {isa = PBXBuildFile; fileRef = 020D0E652A1ED628007F3992 /* TextField.swift */; };
		020D0E682A1ED645007F3992 /* TextFieldBuilder.swift in Sources */ = {isa = PBXBuildFile; fileRef = 020D0E672A1ED645007F3992 /* TextFieldBuilder.swift */; };
		021848AD2A2517B2007E68A4 /* AskChatGPTView.swift in Sources */ = {isa = PBXBuildFile; fileRef = 021848AC2A2517B2007E68A4 /* AskChatGPTView.swift */; };
		021848B42A2625A5007E68A4 /* WeatherFloatViewController.swift in Sources */ = {isa = PBXBuildFile; fileRef = 021848B32A2625A5007E68A4 /* WeatherFloatViewController.swift */; };
		021848B72A262664007E68A4 /* WeatherView.swift in Sources */ = {isa = PBXBuildFile; fileRef = 021848B62A262664007E68A4 /* WeatherView.swift */; };
		021848BB2A26A511007E68A4 /* DraggableBuilder.swift in Sources */ = {isa = PBXBuildFile; fileRef = 021848BA2A26A511007E68A4 /* DraggableBuilder.swift */; };
		021848BD2A26C213007E68A4 /* Draggable.swift in Sources */ = {isa = PBXBuildFile; fileRef = 021848BC2A26C213007E68A4 /* Draggable.swift */; };
		0234A5F129F9F30F008392EC /* AppDelegate.swift in Sources */ = {isa = PBXBuildFile; fileRef = 0234A5F029F9F30F008392EC /* AppDelegate.swift */; };
		0234A5F329F9F30F008392EC /* SceneDelegate.swift in Sources */ = {isa = PBXBuildFile; fileRef = 0234A5F229F9F30F008392EC /* SceneDelegate.swift */; };
		0234A5FA29F9F310008392EC /* Assets.xcassets in Resources */ = {isa = PBXBuildFile; fileRef = 0234A5F929F9F310008392EC /* Assets.xcassets */; };
		0234A5FD29F9F310008392EC /* LaunchScreen.storyboard in Resources */ = {isa = PBXBuildFile; fileRef = 0234A5FB29F9F310008392EC /* LaunchScreen.storyboard */; };
		0234A60829F9F310008392EC /* SmaapperTests.swift in Sources */ = {isa = PBXBuildFile; fileRef = 0234A60729F9F310008392EC /* SmaapperTests.swift */; };
		0234A90329F9FD3A008392EC /* BorderBuilder.swift in Sources */ = {isa = PBXBuildFile; fileRef = 0234A88B29F9FD3A008392EC /* BorderBuilder.swift */; };
		0234A90529F9FD3A008392EC /* ImageView.swift in Sources */ = {isa = PBXBuildFile; fileRef = 0234A88E29F9FD3A008392EC /* ImageView.swift */; };
		0234A90D29F9FD3A008392EC /* Fload+Extension+Component.swift in Sources */ = {isa = PBXBuildFile; fileRef = 0234A89D29F9FD3A008392EC /* Fload+Extension+Component.swift */; };
		0234A90E29F9FD3A008392EC /* UIColor+Extension+Component.swift in Sources */ = {isa = PBXBuildFile; fileRef = 0234A89E29F9FD3A008392EC /* UIColor+Extension+Component.swift */; };
		0234A90F29F9FD3A008392EC /* UIView+Extension+Component.swift in Sources */ = {isa = PBXBuildFile; fileRef = 0234A89F29F9FD3A008392EC /* UIView+Extension+Component.swift */; };
		0234A91029F9FD3A008392EC /* Int+Extension+Component.swift in Sources */ = {isa = PBXBuildFile; fileRef = 0234A8A029F9FD3A008392EC /* Int+Extension+Component.swift */; };
		0234A91129F9FD3A008392EC /* ConstraintsViewModel.swift in Sources */ = {isa = PBXBuildFile; fileRef = 0234A8A329F9FD3A008392EC /* ConstraintsViewModel.swift */; };
		0234A91229F9FD3A008392EC /* EndOfConstraintsSizeFlow.swift in Sources */ = {isa = PBXBuildFile; fileRef = 0234A8A529F9FD3A008392EC /* EndOfConstraintsSizeFlow.swift */; };
		0234A91329F9FD3A008392EC /* EndOfConstraintsAlignmentFlow.swift in Sources */ = {isa = PBXBuildFile; fileRef = 0234A8A629F9FD3A008392EC /* EndOfConstraintsAlignmentFlow.swift */; };
		0234A91429F9FD3A008392EC /* EndOfConstraintsPositionFlow.swift in Sources */ = {isa = PBXBuildFile; fileRef = 0234A8A729F9FD3A008392EC /* EndOfConstraintsPositionFlow.swift */; };
		0234A91529F9FD3A008392EC /* ApplyConstraints.swift in Sources */ = {isa = PBXBuildFile; fileRef = 0234A8A929F9FD3A008392EC /* ApplyConstraints.swift */; };
		0234A91629F9FD3A008392EC /* ConstraintsConstants.swift in Sources */ = {isa = PBXBuildFile; fileRef = 0234A8AB29F9FD3A008392EC /* ConstraintsConstants.swift */; };
		0234A91729F9FD3A008392EC /* tests.swift in Sources */ = {isa = PBXBuildFile; fileRef = 0234A8AD29F9FD3A008392EC /* tests.swift */; };
		0234A91829F9FD3A008392EC /* ConstraintsProtocol.swift in Sources */ = {isa = PBXBuildFile; fileRef = 0234A8AF29F9FD3A008392EC /* ConstraintsProtocol.swift */; };
		0234A91929F9FD3A008392EC /* StartOfConstraintsFlow.swift in Sources */ = {isa = PBXBuildFile; fileRef = 0234A8B029F9FD3A008392EC /* StartOfConstraintsFlow.swift */; };
		0234A91A29F9FD3A008392EC /* ConstraintsModel.swift in Sources */ = {isa = PBXBuildFile; fileRef = 0234A8B229F9FD3A008392EC /* ConstraintsModel.swift */; };
		0234A91B29F9FD3A008392EC /* StartOfConstraintsAlignmentFlow.swift in Sources */ = {isa = PBXBuildFile; fileRef = 0234A8B429F9FD3A008392EC /* StartOfConstraintsAlignmentFlow.swift */; };
		0234A91C29F9FD3A008392EC /* StartOfConstraintsPositionFlow.swift in Sources */ = {isa = PBXBuildFile; fileRef = 0234A8B529F9FD3A008392EC /* StartOfConstraintsPositionFlow.swift */; };
		0234A91D29F9FD3A008392EC /* StartOfConstraintsSizeFlow.swift in Sources */ = {isa = PBXBuildFile; fileRef = 0234A8B629F9FD3A008392EC /* StartOfConstraintsSizeFlow.swift */; };
		0234A91E29F9FD3A008392EC /* Alert.swift in Sources */ = {isa = PBXBuildFile; fileRef = 0234A8B829F9FD3A008392EC /* Alert.swift */; };
		0234A91F29F9FD3A008392EC /* Choose.swift in Sources */ = {isa = PBXBuildFile; fileRef = 0234A8B929F9FD3A008392EC /* Choose.swift */; };
		0234A92029F9FD3A008392EC /* Warning.swift in Sources */ = {isa = PBXBuildFile; fileRef = 0234A8BA29F9FD3A008392EC /* Warning.swift */; };
		0234A92229F9FD3A008392EC /* Shadow.swift in Sources */ = {isa = PBXBuildFile; fileRef = 0234A8BD29F9FD3A008392EC /* Shadow.swift */; };
		0234A92329F9FD3A008392EC /* ShowsScroll.swift in Sources */ = {isa = PBXBuildFile; fileRef = 0234A8BF29F9FD3A008392EC /* ShowsScroll.swift */; };
		0234A93629F9FD3A008392EC /* Label.swift in Sources */ = {isa = PBXBuildFile; fileRef = 0234A8E529F9FD3A008392EC /* Label.swift */; };
		0234A93D29F9FD3A008392EC /* Button.swift in Sources */ = {isa = PBXBuildFile; fileRef = 0234A8F029F9FD3A008392EC /* Button.swift */; };
		0234A94529F9FD3A008392EC /* HomeView.swift in Sources */ = {isa = PBXBuildFile; fileRef = 0234A90129F9FD3A008392EC /* HomeView.swift */; };
		0234A94629F9FD3A008392EC /* HomeViewController.swift in Sources */ = {isa = PBXBuildFile; fileRef = 0234A90229F9FD3A008392EC /* HomeViewController.swift */; };
		0234A94929FA9E8E008392EC /* Gradient.swift in Sources */ = {isa = PBXBuildFile; fileRef = 0234A94829FA9E8E008392EC /* Gradient.swift */; };
		0234A95D29FB3E47008392EC /* View.swift in Sources */ = {isa = PBXBuildFile; fileRef = 0234A95C29FB3E47008392EC /* View.swift */; };
		0234A96329FC0659008392EC /* IconButtonBuilder.swift in Sources */ = {isa = PBXBuildFile; fileRef = 0234A96229FC0659008392EC /* IconButtonBuilder.swift */; };
		0234A96629FC0820008392EC /* ButtonImageBuilder.swift in Sources */ = {isa = PBXBuildFile; fileRef = 0234A96529FC0820008392EC /* ButtonImageBuilder.swift */; };
		024F18A72A0FDB3C00A39584 /* CategoriesView.swift in Sources */ = {isa = PBXBuildFile; fileRef = 024F18A62A0FDB3C00A39584 /* CategoriesView.swift */; };
		024F18A92A0FDB4F00A39584 /* CategoriesViewController.swift in Sources */ = {isa = PBXBuildFile; fileRef = 024F18A82A0FDB4F00A39584 /* CategoriesViewController.swift */; };
		024F18AC2A11258A00A39584 /* Stack.swift in Sources */ = {isa = PBXBuildFile; fileRef = 024F18AB2A11258A00A39584 /* Stack.swift */; };
		024F18AE2A11527000A39584 /* DropdownMenuData-Orig.json in Resources */ = {isa = PBXBuildFile; fileRef = 024F18AD2A11527000A39584 /* DropdownMenuData-Orig.json */; };
		026F797D2A0172D0003947A6 /* NeumorphismBuilder.swift in Sources */ = {isa = PBXBuildFile; fileRef = 026F797C2A0172D0003947A6 /* NeumorphismBuilder.swift */; };
		0281DAD62A1409CD00E44F04 /* DockCell.swift in Sources */ = {isa = PBXBuildFile; fileRef = 0281DAD52A1409CD00E44F04 /* DockCell.swift */; };
		0281DADE2A16683A00E44F04 /* Blur.swift in Sources */ = {isa = PBXBuildFile; fileRef = 0281DADD2A16683A00E44F04 /* Blur.swift */; };
		0281DAE12A18089800E44F04 /* FloatViewController.swift in Sources */ = {isa = PBXBuildFile; fileRef = 0281DAE02A18089800E44F04 /* FloatViewController.swift */; };
		0281DAE82A18441000E44F04 /* ClockNeumorphism.swift in Sources */ = {isa = PBXBuildFile; fileRef = 0281DAE72A18441000E44F04 /* ClockNeumorphism.swift */; };
		0281DAEA2A18445700E44F04 /* ClockNumbers.swift in Sources */ = {isa = PBXBuildFile; fileRef = 0281DAE92A18445700E44F04 /* ClockNumbers.swift */; };
		0284368C2A1D298000B596DA /* CurrentWindow.swift in Sources */ = {isa = PBXBuildFile; fileRef = 0284368B2A1D298000B596DA /* CurrentWindow.swift */; };
		02AAD6AB2A28CB3C009381C3 /* ViewActions.swift in Sources */ = {isa = PBXBuildFile; fileRef = 02AAD6AA2A28CB3C009381C3 /* ViewActions.swift */; };
		02AAD6AE2A28D99B009381C3 /* FloatViewControllerManager.swift in Sources */ = {isa = PBXBuildFile; fileRef = 02AAD6AD2A28D99B009381C3 /* FloatViewControllerManager.swift */; };
		02B792672A1EE427006CEE8E /* TextFieldImageBuilder.swift in Sources */ = {isa = PBXBuildFile; fileRef = 02B792662A1EE427006CEE8E /* TextFieldImageBuilder.swift */; };
		02B7926A2A1EE588006CEE8E /* TextFieldPasswordBuilder.swift in Sources */ = {isa = PBXBuildFile; fileRef = 02B792692A1EE588006CEE8E /* TextFieldPasswordBuilder.swift */; };
		02BE514F2A29379A00901669 /* FloatViewControllerActions.swift in Sources */ = {isa = PBXBuildFile; fileRef = 02BE514E2A29379A00901669 /* FloatViewControllerActions.swift */; };
		02C5F4312A0BC79900D75D9F /* Row.swift in Sources */ = {isa = PBXBuildFile; fileRef = 02C5F4302A0BC79900D75D9F /* Row.swift */; };
		02C5F4352A0BE6F400D75D9F /* HomeViewModel.swift in Sources */ = {isa = PBXBuildFile; fileRef = 02C5F4342A0BE6F400D75D9F /* HomeViewModel.swift */; };
		02C5F4382A0BE74000D75D9F /* SectionDropdownMenuModel.swift in Sources */ = {isa = PBXBuildFile; fileRef = 02C5F4372A0BE74000D75D9F /* SectionDropdownMenuModel.swift */; };
		02C5F43A2A0BE74D00D75D9F /* RowDropdownMenuModel.swift in Sources */ = {isa = PBXBuildFile; fileRef = 02C5F4392A0BE74D00D75D9F /* RowDropdownMenuModel.swift */; };
		02C5F4482A0C1A9500D75D9F /* HomeService.swift in Sources */ = {isa = PBXBuildFile; fileRef = 02C5F4472A0C1A9500D75D9F /* HomeService.swift */; };
		02C5F44A2A0C1B1700D75D9F /* GenericService.swift in Sources */ = {isa = PBXBuildFile; fileRef = 02C5F4492A0C1B1700D75D9F /* GenericService.swift */; };
		02C5F44D2A0C1CAA00D75D9F /* DropdownMenuData.json in Resources */ = {isa = PBXBuildFile; fileRef = 02C5F44C2A0C1CAA00D75D9F /* DropdownMenuData.json */; };
		02C9C9E22A05392400AA1370 /* Section.swift in Sources */ = {isa = PBXBuildFile; fileRef = 02C9C9E12A05392400AA1370 /* Section.swift */; };
		02C9C9E62A058FB700AA1370 /* ListCellView.swift in Sources */ = {isa = PBXBuildFile; fileRef = 02C9C9E52A058FB700AA1370 /* ListCellView.swift */; };
		02D5813D2A1F9F4C00150AF9 /* LabelBuilder.swift in Sources */ = {isa = PBXBuildFile; fileRef = 02D5813C2A1F9F4C00150AF9 /* LabelBuilder.swift */; };
		02D5813F2A1FAA5E00150AF9 /* ImageViewBuilder.swift in Sources */ = {isa = PBXBuildFile; fileRef = 02D5813E2A1FAA5E00150AF9 /* ImageViewBuilder.swift */; };
		02D581412A1FAC8700150AF9 /* LabelActions.swift in Sources */ = {isa = PBXBuildFile; fileRef = 02D581402A1FAC8700150AF9 /* LabelActions.swift */; };
		02D581432A1FACBF00150AF9 /* ImageViewActions.swift in Sources */ = {isa = PBXBuildFile; fileRef = 02D581422A1FACBF00150AF9 /* ImageViewActions.swift */; };
		02D581452A1FCC2B00150AF9 /* BaseActions.swift in Sources */ = {isa = PBXBuildFile; fileRef = 02D581442A1FCC2B00150AF9 /* BaseActions.swift */; };
		02D581472A1FD86900150AF9 /* StackBuilder.swift in Sources */ = {isa = PBXBuildFile; fileRef = 02D581462A1FD86900150AF9 /* StackBuilder.swift */; };
		02D581492A1FE15900150AF9 /* ListBuilder.swift in Sources */ = {isa = PBXBuildFile; fileRef = 02D581482A1FE15900150AF9 /* ListBuilder.swift */; };
		02D5814B2A1FF01800150AF9 /* ListActions.swift in Sources */ = {isa = PBXBuildFile; fileRef = 02D5814A2A1FF01800150AF9 /* ListActions.swift */; };
		02D5814D2A20057700150AF9 /* TapGesture.swift in Sources */ = {isa = PBXBuildFile; fileRef = 02D5814C2A20057700150AF9 /* TapGesture.swift */; };
		02D5814F2A20058500150AF9 /* TapGestureBuilder.swift in Sources */ = {isa = PBXBuildFile; fileRef = 02D5814E2A20058500150AF9 /* TapGestureBuilder.swift */; };
		02D581532A20CD8A00150AF9 /* ButtonActions.swift in Sources */ = {isa = PBXBuildFile; fileRef = 02D581522A20CD8A00150AF9 /* ButtonActions.swift */; };
		02D581572A2120F200150AF9 /* WeatherForecastView.swift in Sources */ = {isa = PBXBuildFile; fileRef = 02D581562A2120F200150AF9 /* WeatherForecastView.swift */; };
		02D581592A213C2400150AF9 /* CACornerMask+Extension+Component.swift in Sources */ = {isa = PBXBuildFile; fileRef = 02D581582A213C2400150AF9 /* CACornerMask+Extension+Component.swift */; };
		02D5815E2A229F1400150AF9 /* Theme.swift in Sources */ = {isa = PBXBuildFile; fileRef = 02D5815D2A229F1400150AF9 /* Theme.swift */; };
		02D581652A22A1B100150AF9 /* ThemeProtocol.swift in Sources */ = {isa = PBXBuildFile; fileRef = 02D581642A22A1B100150AF9 /* ThemeProtocol.swift */; };
		02D581672A22A25900150AF9 /* ThemeDarkDefault.swift in Sources */ = {isa = PBXBuildFile; fileRef = 02D581662A22A25900150AF9 /* ThemeDarkDefault.swift */; };
		02D581692A23A2DC00150AF9 /* ValidatePercent.swift in Sources */ = {isa = PBXBuildFile; fileRef = 02D581682A23A2DC00150AF9 /* ValidatePercent.swift */; };
		02D5816B2A23BBC500150AF9 /* GradientBuilder.swift in Sources */ = {isa = PBXBuildFile; fileRef = 02D5816A2A23BBC500150AF9 /* GradientBuilder.swift */; };
		02D71C2B2A38D9E200DCA291 /* PainelProportionView.swift in Sources */ = {isa = PBXBuildFile; fileRef = 02D71C2A2A38D9E200DCA291 /* PainelProportionView.swift */; };
		02D71C2E2A3A189C00DCA291 /* TextFieldConfigKeyboard.swift in Sources */ = {isa = PBXBuildFile; fileRef = 02D71C2D2A3A189C00DCA291 /* TextFieldConfigKeyboard.swift */; };
		02D71C322A3B362800DCA291 /* AllTextFieldsInView.swift in Sources */ = {isa = PBXBuildFile; fileRef = 02D71C312A3B362800DCA291 /* AllTextFieldsInView.swift */; };
		02E974122A3394C700BF14EE /* FloatNavigationController.swift in Sources */ = {isa = PBXBuildFile; fileRef = 02E974112A3394C700BF14EE /* FloatNavigationController.swift */; };
		02E974142A3398F000BF14EE /* Coordinator.swift in Sources */ = {isa = PBXBuildFile; fileRef = 02E974132A3398F000BF14EE /* Coordinator.swift */; };
		02E974162A3399B100BF14EE /* HomeCoordinator.swift in Sources */ = {isa = PBXBuildFile; fileRef = 02E974152A3399B100BF14EE /* HomeCoordinator.swift */; };
		02E974182A339B3E00BF14EE /* WeatherCoordinator.swift in Sources */ = {isa = PBXBuildFile; fileRef = 02E974172A339B3E00BF14EE /* WeatherCoordinator.swift */; };
		02E9741C2A37612A00BF14EE /* HomeViewDockController.swift in Sources */ = {isa = PBXBuildFile; fileRef = 02E9741B2A37612A00BF14EE /* HomeViewDockController.swift */; };
		02E9741F2A37887B00BF14EE /* ProportionView.swift in Sources */ = {isa = PBXBuildFile; fileRef = 02E9741E2A37887B00BF14EE /* ProportionView.swift */; };
		02E974212A3788A200BF14EE /* ProportionFloatViewController.swift in Sources */ = {isa = PBXBuildFile; fileRef = 02E974202A3788A200BF14EE /* ProportionFloatViewController.swift */; };
		02E974242A37892900BF14EE /* UtilsFloatView.swift in Sources */ = {isa = PBXBuildFile; fileRef = 02E974232A37892900BF14EE /* UtilsFloatView.swift */; };
		02E974262A378AFE00BF14EE /* ProportionCoordinator.swift in Sources */ = {isa = PBXBuildFile; fileRef = 02E974252A378AFE00BF14EE /* ProportionCoordinator.swift */; };
		02E9743E2A37C55E00BF14EE /* TitleFloatView.swift in Sources */ = {isa = PBXBuildFile; fileRef = 02E9743D2A37C55E00BF14EE /* TitleFloatView.swift */; };
		02E974412A37D25600BF14EE /* QuizView.swift in Sources */ = {isa = PBXBuildFile; fileRef = 02E974402A37D25600BF14EE /* QuizView.swift */; };
		02E974432A37D27400BF14EE /* QuizFloatViewController.swift in Sources */ = {isa = PBXBuildFile; fileRef = 02E974422A37D27400BF14EE /* QuizFloatViewController.swift */; };
		02E974452A37D30600BF14EE /* QuizCoordinator.swift in Sources */ = {isa = PBXBuildFile; fileRef = 02E974442A37D30600BF14EE /* QuizCoordinator.swift */; };
		02E974472A37EF9200BF14EE /* UpcomingHolidaysView.swift in Sources */ = {isa = PBXBuildFile; fileRef = 02E974462A37EF9200BF14EE /* UpcomingHolidaysView.swift */; };
		02E974492A37EFB400BF14EE /* UpcomingHolidaysFloatViewController.swift in Sources */ = {isa = PBXBuildFile; fileRef = 02E974482A37EFB400BF14EE /* UpcomingHolidaysFloatViewController.swift */; };
		02E9744B2A37F11A00BF14EE /* UpcomingHolidaysCoordinator.swift in Sources */ = {isa = PBXBuildFile; fileRef = 02E9744A2A37F11A00BF14EE /* UpcomingHolidaysCoordinator.swift */; };
		02E9744D2A37F2EA00BF14EE /* BMICalculatorView.swift in Sources */ = {isa = PBXBuildFile; fileRef = 02E9744C2A37F2EA00BF14EE /* BMICalculatorView.swift */; };
		02E9744F2A37F2FB00BF14EE /* BMICalculatorFloatViewController.swift in Sources */ = {isa = PBXBuildFile; fileRef = 02E9744E2A37F2FB00BF14EE /* BMICalculatorFloatViewController.swift */; };
		02E974512A37F3DF00BF14EE /* BMICalculatorCoordinator.swift in Sources */ = {isa = PBXBuildFile; fileRef = 02E974502A37F3DF00BF14EE /* BMICalculatorCoordinator.swift */; };
		02F45AF82A043F820096A75A /* Resize.swift in Sources */ = {isa = PBXBuildFile; fileRef = 02F45AF72A043F820096A75A /* Resize.swift */; };
		02F45AFB2A046F720096A75A /* List.swift in Sources */ = {isa = PBXBuildFile; fileRef = 02F45AFA2A046F720096A75A /* List.swift */; };
		02F45AFD2A046F910096A75A /* ListCell.swift in Sources */ = {isa = PBXBuildFile; fileRef = 02F45AFC2A046F910096A75A /* ListCell.swift */; };
/* End PBXBuildFile section */

/* Begin PBXContainerItemProxy section */
		0234A60429F9F310008392EC /* PBXContainerItemProxy */ = {
			isa = PBXContainerItemProxy;
			containerPortal = 0234A5E529F9F30E008392EC /* Project object */;
			proxyType = 1;
			remoteGlobalIDString = 0234A5EC29F9F30F008392EC;
			remoteInfo = Smaapper;
		};
/* End PBXContainerItemProxy section */

/* Begin PBXFileReference section */
		020D0E4A2A1E5A6F007F3992 /* DropdownMenu.swift */ = {isa = PBXFileReference; lastKnownFileType = sourcecode.swift; path = DropdownMenu.swift; sourceTree = "<group>"; };
		020D0E4D2A1E5B0E007F3992 /* DropdownMenuBuilder.swift */ = {isa = PBXFileReference; lastKnownFileType = sourcecode.swift; path = DropdownMenuBuilder.swift; sourceTree = "<group>"; };
		020D0E512A1E6E5D007F3992 /* BaseBuilder.swift */ = {isa = PBXFileReference; lastKnownFileType = sourcecode.swift; path = BaseBuilder.swift; sourceTree = "<group>"; };
		020D0E532A1E73A6007F3992 /* DropdownMenuFooter.swift */ = {isa = PBXFileReference; lastKnownFileType = sourcecode.swift; path = DropdownMenuFooter.swift; sourceTree = "<group>"; };
		020D0E552A1E73C0007F3992 /* DropdownMenuFooterBuilder.swift */ = {isa = PBXFileReference; lastKnownFileType = sourcecode.swift; path = DropdownMenuFooterBuilder.swift; sourceTree = "<group>"; };
		020D0E572A1E9CE0007F3992 /* ButtonBuilder.swift */ = {isa = PBXFileReference; lastKnownFileType = sourcecode.swift; path = ButtonBuilder.swift; sourceTree = "<group>"; };
		020D0E5A2A1EADB6007F3992 /* Dock.swift */ = {isa = PBXFileReference; lastKnownFileType = sourcecode.swift; path = Dock.swift; sourceTree = "<group>"; };
		020D0E5C2A1EADCF007F3992 /* DockBuilder.swift */ = {isa = PBXFileReference; lastKnownFileType = sourcecode.swift; path = DockBuilder.swift; sourceTree = "<group>"; };
		020D0E5E2A1ECD0A007F3992 /* DropdownMenuActions.swift */ = {isa = PBXFileReference; fileEncoding = 4; lastKnownFileType = sourcecode.swift; path = DropdownMenuActions.swift; sourceTree = "<group>"; };
		020D0E602A1ECD20007F3992 /* DockActions.swift */ = {isa = PBXFileReference; fileEncoding = 4; lastKnownFileType = sourcecode.swift; path = DockActions.swift; sourceTree = "<group>"; };
		020D0E622A1ECE02007F3992 /* ViewBuilder.swift */ = {isa = PBXFileReference; lastKnownFileType = sourcecode.swift; path = ViewBuilder.swift; sourceTree = "<group>"; };
		020D0E652A1ED628007F3992 /* TextField.swift */ = {isa = PBXFileReference; lastKnownFileType = sourcecode.swift; path = TextField.swift; sourceTree = "<group>"; };
		020D0E672A1ED645007F3992 /* TextFieldBuilder.swift */ = {isa = PBXFileReference; lastKnownFileType = sourcecode.swift; path = TextFieldBuilder.swift; sourceTree = "<group>"; };
		021848AC2A2517B2007E68A4 /* AskChatGPTView.swift */ = {isa = PBXFileReference; lastKnownFileType = sourcecode.swift; path = AskChatGPTView.swift; sourceTree = "<group>"; };
		021848B32A2625A5007E68A4 /* WeatherFloatViewController.swift */ = {isa = PBXFileReference; lastKnownFileType = sourcecode.swift; path = WeatherFloatViewController.swift; sourceTree = "<group>"; };
		021848B62A262664007E68A4 /* WeatherView.swift */ = {isa = PBXFileReference; lastKnownFileType = sourcecode.swift; path = WeatherView.swift; sourceTree = "<group>"; };
		021848BA2A26A511007E68A4 /* DraggableBuilder.swift */ = {isa = PBXFileReference; lastKnownFileType = sourcecode.swift; path = DraggableBuilder.swift; sourceTree = "<group>"; };
		021848BC2A26C213007E68A4 /* Draggable.swift */ = {isa = PBXFileReference; lastKnownFileType = sourcecode.swift; path = Draggable.swift; sourceTree = "<group>"; };
		0234A5ED29F9F30F008392EC /* Smaapper.app */ = {isa = PBXFileReference; explicitFileType = wrapper.application; includeInIndex = 0; path = Smaapper.app; sourceTree = BUILT_PRODUCTS_DIR; };
		0234A5F029F9F30F008392EC /* AppDelegate.swift */ = {isa = PBXFileReference; lastKnownFileType = sourcecode.swift; path = AppDelegate.swift; sourceTree = "<group>"; };
		0234A5F229F9F30F008392EC /* SceneDelegate.swift */ = {isa = PBXFileReference; lastKnownFileType = sourcecode.swift; path = SceneDelegate.swift; sourceTree = "<group>"; };
		0234A5F929F9F310008392EC /* Assets.xcassets */ = {isa = PBXFileReference; lastKnownFileType = folder.assetcatalog; path = Assets.xcassets; sourceTree = "<group>"; };
		0234A5FC29F9F310008392EC /* Base */ = {isa = PBXFileReference; lastKnownFileType = file.storyboard; name = Base; path = Base.lproj/LaunchScreen.storyboard; sourceTree = "<group>"; };
		0234A5FE29F9F310008392EC /* Info.plist */ = {isa = PBXFileReference; lastKnownFileType = text.plist.xml; path = Info.plist; sourceTree = "<group>"; };
		0234A60329F9F310008392EC /* SmaapperTests.xctest */ = {isa = PBXFileReference; explicitFileType = wrapper.cfbundle; includeInIndex = 0; path = SmaapperTests.xctest; sourceTree = BUILT_PRODUCTS_DIR; };
		0234A60729F9F310008392EC /* SmaapperTests.swift */ = {isa = PBXFileReference; lastKnownFileType = sourcecode.swift; path = SmaapperTests.swift; sourceTree = "<group>"; };
		0234A88B29F9FD3A008392EC /* BorderBuilder.swift */ = {isa = PBXFileReference; fileEncoding = 4; lastKnownFileType = sourcecode.swift; path = BorderBuilder.swift; sourceTree = "<group>"; };
		0234A88E29F9FD3A008392EC /* ImageView.swift */ = {isa = PBXFileReference; fileEncoding = 4; lastKnownFileType = sourcecode.swift; path = ImageView.swift; sourceTree = "<group>"; };
		0234A89D29F9FD3A008392EC /* Fload+Extension+Component.swift */ = {isa = PBXFileReference; fileEncoding = 4; lastKnownFileType = sourcecode.swift; path = "Fload+Extension+Component.swift"; sourceTree = "<group>"; };
		0234A89E29F9FD3A008392EC /* UIColor+Extension+Component.swift */ = {isa = PBXFileReference; fileEncoding = 4; lastKnownFileType = sourcecode.swift; path = "UIColor+Extension+Component.swift"; sourceTree = "<group>"; };
		0234A89F29F9FD3A008392EC /* UIView+Extension+Component.swift */ = {isa = PBXFileReference; fileEncoding = 4; lastKnownFileType = sourcecode.swift; path = "UIView+Extension+Component.swift"; sourceTree = "<group>"; };
		0234A8A029F9FD3A008392EC /* Int+Extension+Component.swift */ = {isa = PBXFileReference; fileEncoding = 4; lastKnownFileType = sourcecode.swift; path = "Int+Extension+Component.swift"; sourceTree = "<group>"; };
		0234A8A329F9FD3A008392EC /* ConstraintsViewModel.swift */ = {isa = PBXFileReference; fileEncoding = 4; lastKnownFileType = sourcecode.swift; path = ConstraintsViewModel.swift; sourceTree = "<group>"; };
		0234A8A529F9FD3A008392EC /* EndOfConstraintsSizeFlow.swift */ = {isa = PBXFileReference; fileEncoding = 4; lastKnownFileType = sourcecode.swift; path = EndOfConstraintsSizeFlow.swift; sourceTree = "<group>"; };
		0234A8A629F9FD3A008392EC /* EndOfConstraintsAlignmentFlow.swift */ = {isa = PBXFileReference; fileEncoding = 4; lastKnownFileType = sourcecode.swift; path = EndOfConstraintsAlignmentFlow.swift; sourceTree = "<group>"; };
		0234A8A729F9FD3A008392EC /* EndOfConstraintsPositionFlow.swift */ = {isa = PBXFileReference; fileEncoding = 4; lastKnownFileType = sourcecode.swift; path = EndOfConstraintsPositionFlow.swift; sourceTree = "<group>"; };
		0234A8A929F9FD3A008392EC /* ApplyConstraints.swift */ = {isa = PBXFileReference; fileEncoding = 4; lastKnownFileType = sourcecode.swift; path = ApplyConstraints.swift; sourceTree = "<group>"; };
		0234A8AB29F9FD3A008392EC /* ConstraintsConstants.swift */ = {isa = PBXFileReference; fileEncoding = 4; lastKnownFileType = sourcecode.swift; path = ConstraintsConstants.swift; sourceTree = "<group>"; };
		0234A8AD29F9FD3A008392EC /* tests.swift */ = {isa = PBXFileReference; fileEncoding = 4; lastKnownFileType = sourcecode.swift; path = tests.swift; sourceTree = "<group>"; };
		0234A8AF29F9FD3A008392EC /* ConstraintsProtocol.swift */ = {isa = PBXFileReference; fileEncoding = 4; lastKnownFileType = sourcecode.swift; path = ConstraintsProtocol.swift; sourceTree = "<group>"; };
		0234A8B029F9FD3A008392EC /* StartOfConstraintsFlow.swift */ = {isa = PBXFileReference; fileEncoding = 4; lastKnownFileType = sourcecode.swift; path = StartOfConstraintsFlow.swift; sourceTree = "<group>"; };
		0234A8B229F9FD3A008392EC /* ConstraintsModel.swift */ = {isa = PBXFileReference; fileEncoding = 4; lastKnownFileType = sourcecode.swift; path = ConstraintsModel.swift; sourceTree = "<group>"; };
		0234A8B429F9FD3A008392EC /* StartOfConstraintsAlignmentFlow.swift */ = {isa = PBXFileReference; fileEncoding = 4; lastKnownFileType = sourcecode.swift; path = StartOfConstraintsAlignmentFlow.swift; sourceTree = "<group>"; };
		0234A8B529F9FD3A008392EC /* StartOfConstraintsPositionFlow.swift */ = {isa = PBXFileReference; fileEncoding = 4; lastKnownFileType = sourcecode.swift; path = StartOfConstraintsPositionFlow.swift; sourceTree = "<group>"; };
		0234A8B629F9FD3A008392EC /* StartOfConstraintsSizeFlow.swift */ = {isa = PBXFileReference; fileEncoding = 4; lastKnownFileType = sourcecode.swift; path = StartOfConstraintsSizeFlow.swift; sourceTree = "<group>"; };
		0234A8B829F9FD3A008392EC /* Alert.swift */ = {isa = PBXFileReference; fileEncoding = 4; lastKnownFileType = sourcecode.swift; path = Alert.swift; sourceTree = "<group>"; };
		0234A8B929F9FD3A008392EC /* Choose.swift */ = {isa = PBXFileReference; fileEncoding = 4; lastKnownFileType = sourcecode.swift; path = Choose.swift; sourceTree = "<group>"; };
		0234A8BA29F9FD3A008392EC /* Warning.swift */ = {isa = PBXFileReference; fileEncoding = 4; lastKnownFileType = sourcecode.swift; path = Warning.swift; sourceTree = "<group>"; };
		0234A8BD29F9FD3A008392EC /* Shadow.swift */ = {isa = PBXFileReference; fileEncoding = 4; lastKnownFileType = sourcecode.swift; path = Shadow.swift; sourceTree = "<group>"; };
		0234A8BF29F9FD3A008392EC /* ShowsScroll.swift */ = {isa = PBXFileReference; fileEncoding = 4; lastKnownFileType = sourcecode.swift; path = ShowsScroll.swift; sourceTree = "<group>"; };
		0234A8E529F9FD3A008392EC /* Label.swift */ = {isa = PBXFileReference; fileEncoding = 4; lastKnownFileType = sourcecode.swift; path = Label.swift; sourceTree = "<group>"; };
		0234A8F029F9FD3A008392EC /* Button.swift */ = {isa = PBXFileReference; fileEncoding = 4; lastKnownFileType = sourcecode.swift; path = Button.swift; sourceTree = "<group>"; };
		0234A90129F9FD3A008392EC /* HomeView.swift */ = {isa = PBXFileReference; fileEncoding = 4; lastKnownFileType = sourcecode.swift; path = HomeView.swift; sourceTree = "<group>"; };
		0234A90229F9FD3A008392EC /* HomeViewController.swift */ = {isa = PBXFileReference; fileEncoding = 4; lastKnownFileType = sourcecode.swift; path = HomeViewController.swift; sourceTree = "<group>"; };
		0234A94829FA9E8E008392EC /* Gradient.swift */ = {isa = PBXFileReference; lastKnownFileType = sourcecode.swift; path = Gradient.swift; sourceTree = "<group>"; };
		0234A95C29FB3E47008392EC /* View.swift */ = {isa = PBXFileReference; lastKnownFileType = sourcecode.swift; path = View.swift; sourceTree = "<group>"; };
		0234A96229FC0659008392EC /* IconButtonBuilder.swift */ = {isa = PBXFileReference; lastKnownFileType = sourcecode.swift; path = IconButtonBuilder.swift; sourceTree = "<group>"; };
		0234A96529FC0820008392EC /* ButtonImageBuilder.swift */ = {isa = PBXFileReference; lastKnownFileType = sourcecode.swift; path = ButtonImageBuilder.swift; sourceTree = "<group>"; };
		024F18A62A0FDB3C00A39584 /* CategoriesView.swift */ = {isa = PBXFileReference; lastKnownFileType = sourcecode.swift; path = CategoriesView.swift; sourceTree = "<group>"; };
		024F18A82A0FDB4F00A39584 /* CategoriesViewController.swift */ = {isa = PBXFileReference; lastKnownFileType = sourcecode.swift; path = CategoriesViewController.swift; sourceTree = "<group>"; };
		024F18AB2A11258A00A39584 /* Stack.swift */ = {isa = PBXFileReference; lastKnownFileType = sourcecode.swift; path = Stack.swift; sourceTree = "<group>"; };
		024F18AD2A11527000A39584 /* DropdownMenuData-Orig.json */ = {isa = PBXFileReference; fileEncoding = 4; lastKnownFileType = text.json; path = "DropdownMenuData-Orig.json"; sourceTree = "<group>"; };
		026F797C2A0172D0003947A6 /* NeumorphismBuilder.swift */ = {isa = PBXFileReference; lastKnownFileType = sourcecode.swift; path = NeumorphismBuilder.swift; sourceTree = "<group>"; };
		0281DAD52A1409CD00E44F04 /* DockCell.swift */ = {isa = PBXFileReference; lastKnownFileType = sourcecode.swift; path = DockCell.swift; sourceTree = "<group>"; };
		0281DADD2A16683A00E44F04 /* Blur.swift */ = {isa = PBXFileReference; lastKnownFileType = sourcecode.swift; path = Blur.swift; sourceTree = "<group>"; };
		0281DAE02A18089800E44F04 /* FloatViewController.swift */ = {isa = PBXFileReference; lastKnownFileType = sourcecode.swift; path = FloatViewController.swift; sourceTree = "<group>"; };
		0281DAE72A18441000E44F04 /* ClockNeumorphism.swift */ = {isa = PBXFileReference; lastKnownFileType = sourcecode.swift; path = ClockNeumorphism.swift; sourceTree = "<group>"; };
		0281DAE92A18445700E44F04 /* ClockNumbers.swift */ = {isa = PBXFileReference; lastKnownFileType = sourcecode.swift; path = ClockNumbers.swift; sourceTree = "<group>"; };
		0284368B2A1D298000B596DA /* CurrentWindow.swift */ = {isa = PBXFileReference; lastKnownFileType = sourcecode.swift; path = CurrentWindow.swift; sourceTree = "<group>"; };
		02AAD6AA2A28CB3C009381C3 /* ViewActions.swift */ = {isa = PBXFileReference; lastKnownFileType = sourcecode.swift; path = ViewActions.swift; sourceTree = "<group>"; };
		02AAD6AD2A28D99B009381C3 /* FloatViewControllerManager.swift */ = {isa = PBXFileReference; lastKnownFileType = sourcecode.swift; path = FloatViewControllerManager.swift; sourceTree = "<group>"; };
		02B792662A1EE427006CEE8E /* TextFieldImageBuilder.swift */ = {isa = PBXFileReference; lastKnownFileType = sourcecode.swift; path = TextFieldImageBuilder.swift; sourceTree = "<group>"; };
		02B792692A1EE588006CEE8E /* TextFieldPasswordBuilder.swift */ = {isa = PBXFileReference; lastKnownFileType = sourcecode.swift; path = TextFieldPasswordBuilder.swift; sourceTree = "<group>"; };
		02BE514E2A29379A00901669 /* FloatViewControllerActions.swift */ = {isa = PBXFileReference; lastKnownFileType = sourcecode.swift; path = FloatViewControllerActions.swift; sourceTree = "<group>"; };
		02C5F4302A0BC79900D75D9F /* Row.swift */ = {isa = PBXFileReference; lastKnownFileType = sourcecode.swift; path = Row.swift; sourceTree = "<group>"; };
		02C5F4342A0BE6F400D75D9F /* HomeViewModel.swift */ = {isa = PBXFileReference; lastKnownFileType = sourcecode.swift; path = HomeViewModel.swift; sourceTree = "<group>"; };
		02C5F4372A0BE74000D75D9F /* SectionDropdownMenuModel.swift */ = {isa = PBXFileReference; lastKnownFileType = sourcecode.swift; path = SectionDropdownMenuModel.swift; sourceTree = "<group>"; };
		02C5F4392A0BE74D00D75D9F /* RowDropdownMenuModel.swift */ = {isa = PBXFileReference; lastKnownFileType = sourcecode.swift; path = RowDropdownMenuModel.swift; sourceTree = "<group>"; };
		02C5F4472A0C1A9500D75D9F /* HomeService.swift */ = {isa = PBXFileReference; lastKnownFileType = sourcecode.swift; path = HomeService.swift; sourceTree = "<group>"; };
		02C5F4492A0C1B1700D75D9F /* GenericService.swift */ = {isa = PBXFileReference; lastKnownFileType = sourcecode.swift; path = GenericService.swift; sourceTree = "<group>"; };
		02C5F44C2A0C1CAA00D75D9F /* DropdownMenuData.json */ = {isa = PBXFileReference; lastKnownFileType = text.json; path = DropdownMenuData.json; sourceTree = "<group>"; };
		02C9C9E12A05392400AA1370 /* Section.swift */ = {isa = PBXFileReference; lastKnownFileType = sourcecode.swift; path = Section.swift; sourceTree = "<group>"; };
		02C9C9E52A058FB700AA1370 /* ListCellView.swift */ = {isa = PBXFileReference; lastKnownFileType = sourcecode.swift; path = ListCellView.swift; sourceTree = "<group>"; };
		02D5813C2A1F9F4C00150AF9 /* LabelBuilder.swift */ = {isa = PBXFileReference; lastKnownFileType = sourcecode.swift; path = LabelBuilder.swift; sourceTree = "<group>"; };
		02D5813E2A1FAA5E00150AF9 /* ImageViewBuilder.swift */ = {isa = PBXFileReference; lastKnownFileType = sourcecode.swift; path = ImageViewBuilder.swift; sourceTree = "<group>"; };
		02D581402A1FAC8700150AF9 /* LabelActions.swift */ = {isa = PBXFileReference; lastKnownFileType = sourcecode.swift; path = LabelActions.swift; sourceTree = "<group>"; };
		02D581422A1FACBF00150AF9 /* ImageViewActions.swift */ = {isa = PBXFileReference; lastKnownFileType = sourcecode.swift; path = ImageViewActions.swift; sourceTree = "<group>"; };
		02D581442A1FCC2B00150AF9 /* BaseActions.swift */ = {isa = PBXFileReference; lastKnownFileType = sourcecode.swift; path = BaseActions.swift; sourceTree = "<group>"; };
		02D581462A1FD86900150AF9 /* StackBuilder.swift */ = {isa = PBXFileReference; lastKnownFileType = sourcecode.swift; path = StackBuilder.swift; sourceTree = "<group>"; };
		02D581482A1FE15900150AF9 /* ListBuilder.swift */ = {isa = PBXFileReference; lastKnownFileType = sourcecode.swift; path = ListBuilder.swift; sourceTree = "<group>"; };
		02D5814A2A1FF01800150AF9 /* ListActions.swift */ = {isa = PBXFileReference; lastKnownFileType = sourcecode.swift; path = ListActions.swift; sourceTree = "<group>"; };
		02D5814C2A20057700150AF9 /* TapGesture.swift */ = {isa = PBXFileReference; lastKnownFileType = sourcecode.swift; path = TapGesture.swift; sourceTree = "<group>"; };
		02D5814E2A20058500150AF9 /* TapGestureBuilder.swift */ = {isa = PBXFileReference; lastKnownFileType = sourcecode.swift; path = TapGestureBuilder.swift; sourceTree = "<group>"; };
		02D581522A20CD8A00150AF9 /* ButtonActions.swift */ = {isa = PBXFileReference; lastKnownFileType = sourcecode.swift; path = ButtonActions.swift; sourceTree = "<group>"; };
		02D581562A2120F200150AF9 /* WeatherForecastView.swift */ = {isa = PBXFileReference; lastKnownFileType = sourcecode.swift; path = WeatherForecastView.swift; sourceTree = "<group>"; };
		02D581582A213C2400150AF9 /* CACornerMask+Extension+Component.swift */ = {isa = PBXFileReference; lastKnownFileType = sourcecode.swift; path = "CACornerMask+Extension+Component.swift"; sourceTree = "<group>"; };
		02D5815D2A229F1400150AF9 /* Theme.swift */ = {isa = PBXFileReference; lastKnownFileType = sourcecode.swift; path = Theme.swift; sourceTree = "<group>"; };
		02D581642A22A1B100150AF9 /* ThemeProtocol.swift */ = {isa = PBXFileReference; lastKnownFileType = sourcecode.swift; path = ThemeProtocol.swift; sourceTree = "<group>"; };
		02D581662A22A25900150AF9 /* ThemeDarkDefault.swift */ = {isa = PBXFileReference; lastKnownFileType = sourcecode.swift; path = ThemeDarkDefault.swift; sourceTree = "<group>"; };
		02D581682A23A2DC00150AF9 /* ValidatePercent.swift */ = {isa = PBXFileReference; lastKnownFileType = sourcecode.swift; path = ValidatePercent.swift; sourceTree = "<group>"; };
		02D5816A2A23BBC500150AF9 /* GradientBuilder.swift */ = {isa = PBXFileReference; lastKnownFileType = sourcecode.swift; path = GradientBuilder.swift; sourceTree = "<group>"; };
		02D71C2A2A38D9E200DCA291 /* PainelProportionView.swift */ = {isa = PBXFileReference; lastKnownFileType = sourcecode.swift; path = PainelProportionView.swift; sourceTree = "<group>"; };
		02D71C2D2A3A189C00DCA291 /* TextFieldConfigKeyboard.swift */ = {isa = PBXFileReference; lastKnownFileType = sourcecode.swift; path = TextFieldConfigKeyboard.swift; sourceTree = "<group>"; };
		02D71C312A3B362800DCA291 /* AllTextFieldsInView.swift */ = {isa = PBXFileReference; lastKnownFileType = sourcecode.swift; path = AllTextFieldsInView.swift; sourceTree = "<group>"; };
		02E974112A3394C700BF14EE /* FloatNavigationController.swift */ = {isa = PBXFileReference; lastKnownFileType = sourcecode.swift; path = FloatNavigationController.swift; sourceTree = "<group>"; };
		02E974132A3398F000BF14EE /* Coordinator.swift */ = {isa = PBXFileReference; lastKnownFileType = sourcecode.swift; path = Coordinator.swift; sourceTree = "<group>"; };
		02E974152A3399B100BF14EE /* HomeCoordinator.swift */ = {isa = PBXFileReference; lastKnownFileType = sourcecode.swift; path = HomeCoordinator.swift; sourceTree = "<group>"; };
		02E974172A339B3E00BF14EE /* WeatherCoordinator.swift */ = {isa = PBXFileReference; lastKnownFileType = sourcecode.swift; path = WeatherCoordinator.swift; sourceTree = "<group>"; };
		02E9741B2A37612A00BF14EE /* HomeViewDockController.swift */ = {isa = PBXFileReference; lastKnownFileType = sourcecode.swift; path = HomeViewDockController.swift; sourceTree = "<group>"; };
		02E9741E2A37887B00BF14EE /* ProportionView.swift */ = {isa = PBXFileReference; lastKnownFileType = sourcecode.swift; path = ProportionView.swift; sourceTree = "<group>"; };
		02E974202A3788A200BF14EE /* ProportionFloatViewController.swift */ = {isa = PBXFileReference; lastKnownFileType = sourcecode.swift; path = ProportionFloatViewController.swift; sourceTree = "<group>"; };
		02E974232A37892900BF14EE /* UtilsFloatView.swift */ = {isa = PBXFileReference; lastKnownFileType = sourcecode.swift; path = UtilsFloatView.swift; sourceTree = "<group>"; };
		02E974252A378AFE00BF14EE /* ProportionCoordinator.swift */ = {isa = PBXFileReference; lastKnownFileType = sourcecode.swift; path = ProportionCoordinator.swift; sourceTree = "<group>"; };
		02E9743D2A37C55E00BF14EE /* TitleFloatView.swift */ = {isa = PBXFileReference; lastKnownFileType = sourcecode.swift; path = TitleFloatView.swift; sourceTree = "<group>"; };
		02E974402A37D25600BF14EE /* QuizView.swift */ = {isa = PBXFileReference; lastKnownFileType = sourcecode.swift; path = QuizView.swift; sourceTree = "<group>"; };
		02E974422A37D27400BF14EE /* QuizFloatViewController.swift */ = {isa = PBXFileReference; lastKnownFileType = sourcecode.swift; path = QuizFloatViewController.swift; sourceTree = "<group>"; };
		02E974442A37D30600BF14EE /* QuizCoordinator.swift */ = {isa = PBXFileReference; lastKnownFileType = sourcecode.swift; path = QuizCoordinator.swift; sourceTree = "<group>"; };
		02E974462A37EF9200BF14EE /* UpcomingHolidaysView.swift */ = {isa = PBXFileReference; lastKnownFileType = sourcecode.swift; path = UpcomingHolidaysView.swift; sourceTree = "<group>"; };
		02E974482A37EFB400BF14EE /* UpcomingHolidaysFloatViewController.swift */ = {isa = PBXFileReference; lastKnownFileType = sourcecode.swift; path = UpcomingHolidaysFloatViewController.swift; sourceTree = "<group>"; };
		02E9744A2A37F11A00BF14EE /* UpcomingHolidaysCoordinator.swift */ = {isa = PBXFileReference; lastKnownFileType = sourcecode.swift; path = UpcomingHolidaysCoordinator.swift; sourceTree = "<group>"; };
		02E9744C2A37F2EA00BF14EE /* BMICalculatorView.swift */ = {isa = PBXFileReference; lastKnownFileType = sourcecode.swift; path = BMICalculatorView.swift; sourceTree = "<group>"; };
		02E9744E2A37F2FB00BF14EE /* BMICalculatorFloatViewController.swift */ = {isa = PBXFileReference; lastKnownFileType = sourcecode.swift; path = BMICalculatorFloatViewController.swift; sourceTree = "<group>"; };
		02E974502A37F3DF00BF14EE /* BMICalculatorCoordinator.swift */ = {isa = PBXFileReference; lastKnownFileType = sourcecode.swift; path = BMICalculatorCoordinator.swift; sourceTree = "<group>"; };
		02F45AF72A043F820096A75A /* Resize.swift */ = {isa = PBXFileReference; lastKnownFileType = sourcecode.swift; path = Resize.swift; sourceTree = "<group>"; };
		02F45AFA2A046F720096A75A /* List.swift */ = {isa = PBXFileReference; lastKnownFileType = sourcecode.swift; path = List.swift; sourceTree = "<group>"; };
		02F45AFC2A046F910096A75A /* ListCell.swift */ = {isa = PBXFileReference; lastKnownFileType = sourcecode.swift; path = ListCell.swift; sourceTree = "<group>"; };
/* End PBXFileReference section */

/* Begin PBXFrameworksBuildPhase section */
		0234A5EA29F9F30F008392EC /* Frameworks */ = {
			isa = PBXFrameworksBuildPhase;
			buildActionMask = 2147483647;
			files = (
			);
			runOnlyForDeploymentPostprocessing = 0;
		};
		0234A60029F9F310008392EC /* Frameworks */ = {
			isa = PBXFrameworksBuildPhase;
			buildActionMask = 2147483647;
			files = (
			);
			runOnlyForDeploymentPostprocessing = 0;
		};
/* End PBXFrameworksBuildPhase section */

/* Begin PBXGroup section */
		020D0E592A1EADA1007F3992 /* Dock */ = {
			isa = PBXGroup;
			children = (
				0281DAD42A14071B00E44F04 /* DockCell */,
				020D0E602A1ECD20007F3992 /* DockActions.swift */,
				020D0E5C2A1EADCF007F3992 /* DockBuilder.swift */,
				020D0E5A2A1EADB6007F3992 /* Dock.swift */,
			);
			path = Dock;
			sourceTree = "<group>";
		};
		021848AB2A251793007E68A4 /* AskChatGPTView */ = {
			isa = PBXGroup;
			children = (
				021848AC2A2517B2007E68A4 /* AskChatGPTView.swift */,
			);
			path = AskChatGPTView;
			sourceTree = "<group>";
		};
		021848B12A262577007E68A4 /* FloatViewControllers */ = {
			isa = PBXGroup;
			children = (
				02E9743B2A37C25400BF14EE /* CustomFloatViews */,
				02E974392A379EAF00BF14EE /* FloatControllers */,
				02E974222A37890B00BF14EE /* Utils */,
			);
			path = FloatViewControllers;
			sourceTree = "<group>";
		};
		021848B22A262584007E68A4 /* Weather */ = {
			isa = PBXGroup;
			children = (
				021848B62A262664007E68A4 /* WeatherView.swift */,
				021848B32A2625A5007E68A4 /* WeatherFloatViewController.swift */,
			);
			path = Weather;
			sourceTree = "<group>";
		};
		021848B92A26A4F4007E68A4 /* Draggable */ = {
			isa = PBXGroup;
			children = (
				021848BA2A26A511007E68A4 /* DraggableBuilder.swift */,
				021848BC2A26C213007E68A4 /* Draggable.swift */,
			);
			path = Draggable;
			sourceTree = "<group>";
		};
		0234A5E429F9F30E008392EC = {
			isa = PBXGroup;
			children = (
				0234A5EF29F9F30F008392EC /* Smaapper */,
				0234A60629F9F310008392EC /* SmaapperTests */,
				0234A5EE29F9F30F008392EC /* Products */,
			);
			sourceTree = "<group>";
		};
		0234A5EE29F9F30F008392EC /* Products */ = {
			isa = PBXGroup;
			children = (
				0234A5ED29F9F30F008392EC /* Smaapper.app */,
				0234A60329F9F310008392EC /* SmaapperTests.xctest */,
			);
			name = Products;
			sourceTree = "<group>";
		};
		0234A5EF29F9F30F008392EC /* Smaapper */ = {
			isa = PBXGroup;
			children = (
				026F797E2A02A53B003947A6 /* Controllers */,
				021848B12A262577007E68A4 /* FloatViewControllers */,
				02E9740F2A336A2600BF14EE /* Coordinator */,
				02D581542A211F7D00150AF9 /* CustomViews */,
				02C5F43E2A0BF39C00D75D9F /* ViewModels */,
				02C5F4412A0BF4D100D75D9F /* Models */,
				02C5F4452A0C1A7200D75D9F /* Service */,
				02C5F43F2A0BF3AF00D75D9F /* Resources */,
				0234A5FE29F9F310008392EC /* Info.plist */,
			);
			path = Smaapper;
			sourceTree = "<group>";
		};
		0234A60629F9F310008392EC /* SmaapperTests */ = {
			isa = PBXGroup;
			children = (
				0234A60729F9F310008392EC /* SmaapperTests.swift */,
			);
			path = SmaapperTests;
			sourceTree = "<group>";
		};
		0234A88929F9FD3A008392EC /* Components */ = {
			isa = PBXGroup;
			children = (
				0234A8B729F9FD3A008392EC /* Alert */,
				0281DAD92A15376D00E44F04 /* Base */,
				0281DADC2A16682B00E44F04 /* Blur */,
				0234A88A29F9FD3A008392EC /* Border */,
				0234A8EE29F9FD3A008392EC /* Button */,
				0281DAE52A1843C200E44F04 /* ClockNeumorphism */,
				0234A8A129F9FD3A008392EC /* Constraints */,
				020D0E592A1EADA1007F3992 /* Dock */,
				021848B92A26A4F4007E68A4 /* Draggable */,
				026F79782A00775E003947A6 /* DropdownMenu */,
				0234A8BE29F9FD3A008392EC /* Enum */,
				0234A89C29F9FD3A008392EC /* Extension */,
				02E974102A33949900BF14EE /* FloatNavigationController */,
				0281DADF2A18087800E44F04 /* FloatViewController */,
				0234A94729FA9E79008392EC /* Gradient */,
				0234A88D29F9FD3A008392EC /* ImageView */,
				0234A8E429F9FD3A008392EC /* Label */,
				02F45AF92A046F630096A75A /* List */,
				026F797B2A0172AE003947A6 /* Neumorphism */,
				02F45AF62A043F760096A75A /* Resize */,
				0234A8BB29F9FD3A008392EC /* Shadow */,
				024F18AA2A11257000A39584 /* Stack */,
				02C9C9E92A0A774F00AA1370 /* TapGesture */,
				0234A8E729F9FD3A008392EC /* TextField */,
				02D5815C2A229F0300150AF9 /* Theme */,
				0284368A2A1D296700B596DA /* Utils */,
				0234A95B29FB3E39008392EC /* View */,
			);
			path = Components;
			sourceTree = "<group>";
		};
		0234A88A29F9FD3A008392EC /* Border */ = {
			isa = PBXGroup;
			children = (
				0234A88B29F9FD3A008392EC /* BorderBuilder.swift */,
			);
			path = Border;
			sourceTree = "<group>";
		};
		0234A88D29F9FD3A008392EC /* ImageView */ = {
			isa = PBXGroup;
			children = (
				02D581422A1FACBF00150AF9 /* ImageViewActions.swift */,
				02D5813E2A1FAA5E00150AF9 /* ImageViewBuilder.swift */,
				0234A88E29F9FD3A008392EC /* ImageView.swift */,
			);
			path = ImageView;
			sourceTree = "<group>";
		};
		0234A89C29F9FD3A008392EC /* Extension */ = {
			isa = PBXGroup;
			children = (
				0234A89D29F9FD3A008392EC /* Fload+Extension+Component.swift */,
				0234A8A029F9FD3A008392EC /* Int+Extension+Component.swift */,
				0234A89E29F9FD3A008392EC /* UIColor+Extension+Component.swift */,
				02D581582A213C2400150AF9 /* CACornerMask+Extension+Component.swift */,
				0234A89F29F9FD3A008392EC /* UIView+Extension+Component.swift */,
			);
			path = Extension;
			sourceTree = "<group>";
		};
		0234A8A129F9FD3A008392EC /* Constraints */ = {
			isa = PBXGroup;
			children = (
				0234A8A829F9FD3A008392EC /* ApplyConstraints */,
				0234A8AA29F9FD3A008392EC /* Constants */,
				0234A8B129F9FD3A008392EC /* Model */,
				0234A8AE29F9FD3A008392EC /* Protocol */,
				0234A8A229F9FD3A008392EC /* ViewModel */,
				0234A8B329F9FD3A008392EC /* StartConstraintsFlow */,
				0234A8A429F9FD3A008392EC /* EndConstratinsFlow */,
				0234A8AC29F9FD3A008392EC /* Tests */,
				0234A8B029F9FD3A008392EC /* StartOfConstraintsFlow.swift */,
			);
			path = Constraints;
			sourceTree = "<group>";
		};
		0234A8A229F9FD3A008392EC /* ViewModel */ = {
			isa = PBXGroup;
			children = (
				0234A8A329F9FD3A008392EC /* ConstraintsViewModel.swift */,
			);
			path = ViewModel;
			sourceTree = "<group>";
		};
		0234A8A429F9FD3A008392EC /* EndConstratinsFlow */ = {
			isa = PBXGroup;
			children = (
				0234A8A529F9FD3A008392EC /* EndOfConstraintsSizeFlow.swift */,
				0234A8A629F9FD3A008392EC /* EndOfConstraintsAlignmentFlow.swift */,
				0234A8A729F9FD3A008392EC /* EndOfConstraintsPositionFlow.swift */,
			);
			path = EndConstratinsFlow;
			sourceTree = "<group>";
		};
		0234A8A829F9FD3A008392EC /* ApplyConstraints */ = {
			isa = PBXGroup;
			children = (
				0234A8A929F9FD3A008392EC /* ApplyConstraints.swift */,
			);
			path = ApplyConstraints;
			sourceTree = "<group>";
		};
		0234A8AA29F9FD3A008392EC /* Constants */ = {
			isa = PBXGroup;
			children = (
				0234A8AB29F9FD3A008392EC /* ConstraintsConstants.swift */,
			);
			path = Constants;
			sourceTree = "<group>";
		};
		0234A8AC29F9FD3A008392EC /* Tests */ = {
			isa = PBXGroup;
			children = (
				0234A8AD29F9FD3A008392EC /* tests.swift */,
			);
			path = Tests;
			sourceTree = "<group>";
		};
		0234A8AE29F9FD3A008392EC /* Protocol */ = {
			isa = PBXGroup;
			children = (
				0234A8AF29F9FD3A008392EC /* ConstraintsProtocol.swift */,
			);
			path = Protocol;
			sourceTree = "<group>";
		};
		0234A8B129F9FD3A008392EC /* Model */ = {
			isa = PBXGroup;
			children = (
				0234A8B229F9FD3A008392EC /* ConstraintsModel.swift */,
			);
			path = Model;
			sourceTree = "<group>";
		};
		0234A8B329F9FD3A008392EC /* StartConstraintsFlow */ = {
			isa = PBXGroup;
			children = (
				0234A8B429F9FD3A008392EC /* StartOfConstraintsAlignmentFlow.swift */,
				0234A8B529F9FD3A008392EC /* StartOfConstraintsPositionFlow.swift */,
				0234A8B629F9FD3A008392EC /* StartOfConstraintsSizeFlow.swift */,
			);
			path = StartConstraintsFlow;
			sourceTree = "<group>";
		};
		0234A8B729F9FD3A008392EC /* Alert */ = {
			isa = PBXGroup;
			children = (
				0234A8B829F9FD3A008392EC /* Alert.swift */,
				0234A8B929F9FD3A008392EC /* Choose.swift */,
				0234A8BA29F9FD3A008392EC /* Warning.swift */,
			);
			path = Alert;
			sourceTree = "<group>";
		};
		0234A8BB29F9FD3A008392EC /* Shadow */ = {
			isa = PBXGroup;
			children = (
				0234A8BD29F9FD3A008392EC /* Shadow.swift */,
			);
			path = Shadow;
			sourceTree = "<group>";
		};
		0234A8BE29F9FD3A008392EC /* Enum */ = {
			isa = PBXGroup;
			children = (
				0234A8BF29F9FD3A008392EC /* ShowsScroll.swift */,
			);
			path = Enum;
			sourceTree = "<group>";
		};
		0234A8E429F9FD3A008392EC /* Label */ = {
			isa = PBXGroup;
			children = (
				02D581402A1FAC8700150AF9 /* LabelActions.swift */,
				02D5813C2A1F9F4C00150AF9 /* LabelBuilder.swift */,
				0234A8E529F9FD3A008392EC /* Label.swift */,
			);
			path = Label;
			sourceTree = "<group>";
		};
		0234A8E729F9FD3A008392EC /* TextField */ = {
			isa = PBXGroup;
			children = (
				02D71C2C2A3A187600DCA291 /* TextFieldConfigKeyboard */,
				02B792682A1EE56E006CEE8E /* TextFieldPassword */,
				02B792652A1EE409006CEE8E /* TextFieldImage */,
				020D0E672A1ED645007F3992 /* TextFieldBuilder.swift */,
				020D0E652A1ED628007F3992 /* TextField.swift */,
			);
			path = TextField;
			sourceTree = "<group>";
		};
		0234A8EE29F9FD3A008392EC /* Button */ = {
			isa = PBXGroup;
			children = (
				0234A96129FC064D008392EC /* IconButton */,
				0234A96429FC080D008392EC /* ButtonImage */,
				02D581522A20CD8A00150AF9 /* ButtonActions.swift */,
				020D0E572A1E9CE0007F3992 /* ButtonBuilder.swift */,
				0234A8F029F9FD3A008392EC /* Button.swift */,
			);
			path = Button;
			sourceTree = "<group>";
		};
		0234A8FF29F9FD3A008392EC /* Home */ = {
			isa = PBXGroup;
			children = (
				02E9741B2A37612A00BF14EE /* HomeViewDockController.swift */,
				0234A90129F9FD3A008392EC /* HomeView.swift */,
				0234A90229F9FD3A008392EC /* HomeViewController.swift */,
			);
			path = Home;
			sourceTree = "<group>";
		};
		0234A94729FA9E79008392EC /* Gradient */ = {
			isa = PBXGroup;
			children = (
				0234A94829FA9E8E008392EC /* Gradient.swift */,
				02D5816A2A23BBC500150AF9 /* GradientBuilder.swift */,
			);
			path = Gradient;
			sourceTree = "<group>";
		};
		0234A95B29FB3E39008392EC /* View */ = {
			isa = PBXGroup;
			children = (
				02AAD6AA2A28CB3C009381C3 /* ViewActions.swift */,
				020D0E622A1ECE02007F3992 /* ViewBuilder.swift */,
				0234A95C29FB3E47008392EC /* View.swift */,
			);
			path = View;
			sourceTree = "<group>";
		};
		0234A96129FC064D008392EC /* IconButton */ = {
			isa = PBXGroup;
			children = (
				0234A96229FC0659008392EC /* IconButtonBuilder.swift */,
			);
			path = IconButton;
			sourceTree = "<group>";
		};
		0234A96429FC080D008392EC /* ButtonImage */ = {
			isa = PBXGroup;
			children = (
				0234A96529FC0820008392EC /* ButtonImageBuilder.swift */,
			);
			path = ButtonImage;
			sourceTree = "<group>";
		};
		024F18A52A0FDB1600A39584 /* Categories */ = {
			isa = PBXGroup;
			children = (
				024F18A62A0FDB3C00A39584 /* CategoriesView.swift */,
				024F18A82A0FDB4F00A39584 /* CategoriesViewController.swift */,
			);
			path = Categories;
			sourceTree = "<group>";
		};
		024F18AA2A11257000A39584 /* Stack */ = {
			isa = PBXGroup;
			children = (
				024F18AB2A11258A00A39584 /* Stack.swift */,
				02D581462A1FD86900150AF9 /* StackBuilder.swift */,
			);
			path = Stack;
			sourceTree = "<group>";
		};
		026F79782A00775E003947A6 /* DropdownMenu */ = {
			isa = PBXGroup;
			children = (
				02C5F4542A0C557300D75D9F /* DropdownMenuFooter */,
				020D0E5E2A1ECD0A007F3992 /* DropdownMenuActions.swift */,
				020D0E4D2A1E5B0E007F3992 /* DropdownMenuBuilder.swift */,
				020D0E4A2A1E5A6F007F3992 /* DropdownMenu.swift */,
			);
			path = DropdownMenu;
			sourceTree = "<group>";
		};
		026F797B2A0172AE003947A6 /* Neumorphism */ = {
			isa = PBXGroup;
			children = (
				026F797C2A0172D0003947A6 /* NeumorphismBuilder.swift */,
			);
			path = Neumorphism;
			sourceTree = "<group>";
		};
		026F797E2A02A53B003947A6 /* Controllers */ = {
			isa = PBXGroup;
			children = (
				024F18A52A0FDB1600A39584 /* Categories */,
				0234A8FF29F9FD3A008392EC /* Home */,
			);
			path = Controllers;
			sourceTree = "<group>";
		};
		0281DAD42A14071B00E44F04 /* DockCell */ = {
			isa = PBXGroup;
			children = (
				0281DAD52A1409CD00E44F04 /* DockCell.swift */,
			);
			path = DockCell;
			sourceTree = "<group>";
		};
		0281DAD92A15376D00E44F04 /* Base */ = {
			isa = PBXGroup;
			children = (
				02D581442A1FCC2B00150AF9 /* BaseActions.swift */,
				020D0E512A1E6E5D007F3992 /* BaseBuilder.swift */,
			);
			path = Base;
			sourceTree = "<group>";
		};
		0281DADC2A16682B00E44F04 /* Blur */ = {
			isa = PBXGroup;
			children = (
				0281DADD2A16683A00E44F04 /* Blur.swift */,
			);
			path = Blur;
			sourceTree = "<group>";
		};
		0281DADF2A18087800E44F04 /* FloatViewController */ = {
			isa = PBXGroup;
			children = (
				02BE514E2A29379A00901669 /* FloatViewControllerActions.swift */,
				02AAD6AD2A28D99B009381C3 /* FloatViewControllerManager.swift */,
				0281DAE02A18089800E44F04 /* FloatViewController.swift */,
			);
			path = FloatViewController;
			sourceTree = "<group>";
		};
		0281DAE52A1843C200E44F04 /* ClockNeumorphism */ = {
			isa = PBXGroup;
			children = (
				0281DAE92A18445700E44F04 /* ClockNumbers.swift */,
				0281DAE72A18441000E44F04 /* ClockNeumorphism.swift */,
			);
			path = ClockNeumorphism;
			sourceTree = "<group>";
		};
		0284368A2A1D296700B596DA /* Utils */ = {
			isa = PBXGroup;
			children = (
				0284368B2A1D298000B596DA /* CurrentWindow.swift */,
				02D581682A23A2DC00150AF9 /* ValidatePercent.swift */,
				02D71C312A3B362800DCA291 /* AllTextFieldsInView.swift */,
			);
			path = Utils;
			sourceTree = "<group>";
		};
		02B792652A1EE409006CEE8E /* TextFieldImage */ = {
			isa = PBXGroup;
			children = (
				02B792662A1EE427006CEE8E /* TextFieldImageBuilder.swift */,
			);
			path = TextFieldImage;
			sourceTree = "<group>";
		};
		02B792682A1EE56E006CEE8E /* TextFieldPassword */ = {
			isa = PBXGroup;
			children = (
				02B792692A1EE588006CEE8E /* TextFieldPasswordBuilder.swift */,
			);
			path = TextFieldPassword;
			sourceTree = "<group>";
		};
		02C5F43E2A0BF39C00D75D9F /* ViewModels */ = {
			isa = PBXGroup;
			children = (
				02C5F4402A0BF44400D75D9F /* Home */,
			);
			path = ViewModels;
			sourceTree = "<group>";
		};
		02C5F43F2A0BF3AF00D75D9F /* Resources */ = {
			isa = PBXGroup;
			children = (
				0234A88929F9FD3A008392EC /* Components */,
				02C5F44B2A0C1C9300D75D9F /* Json */,
				0234A5F929F9F310008392EC /* Assets.xcassets */,
				0234A5F029F9F30F008392EC /* AppDelegate.swift */,
				0234A5FB29F9F310008392EC /* LaunchScreen.storyboard */,
				0234A5F229F9F30F008392EC /* SceneDelegate.swift */,
			);
			path = Resources;
			sourceTree = "<group>";
		};
		02C5F4402A0BF44400D75D9F /* Home */ = {
			isa = PBXGroup;
			children = (
				02C5F4342A0BE6F400D75D9F /* HomeViewModel.swift */,
			);
			path = Home;
			sourceTree = "<group>";
		};
		02C5F4412A0BF4D100D75D9F /* Models */ = {
			isa = PBXGroup;
			children = (
				02C5F4442A0BF7C900D75D9F /* Codable */,
			);
			path = Models;
			sourceTree = "<group>";
		};
		02C5F4432A0BF62500D75D9F /* DropdownMenu */ = {
			isa = PBXGroup;
			children = (
				02C5F4372A0BE74000D75D9F /* SectionDropdownMenuModel.swift */,
				02C5F4392A0BE74D00D75D9F /* RowDropdownMenuModel.swift */,
			);
			path = DropdownMenu;
			sourceTree = "<group>";
		};
		02C5F4442A0BF7C900D75D9F /* Codable */ = {
			isa = PBXGroup;
			children = (
				02C5F4432A0BF62500D75D9F /* DropdownMenu */,
			);
			path = Codable;
			sourceTree = "<group>";
		};
		02C5F4452A0C1A7200D75D9F /* Service */ = {
			isa = PBXGroup;
			children = (
				02C5F4462A0C1A8800D75D9F /* HomeService */,
				02C5F4492A0C1B1700D75D9F /* GenericService.swift */,
			);
			path = Service;
			sourceTree = "<group>";
		};
		02C5F4462A0C1A8800D75D9F /* HomeService */ = {
			isa = PBXGroup;
			children = (
				02C5F4472A0C1A9500D75D9F /* HomeService.swift */,
			);
			path = HomeService;
			sourceTree = "<group>";
		};
		02C5F44B2A0C1C9300D75D9F /* Json */ = {
			isa = PBXGroup;
			children = (
				02C5F44C2A0C1CAA00D75D9F /* DropdownMenuData.json */,
				024F18AD2A11527000A39584 /* DropdownMenuData-Orig.json */,
			);
			path = Json;
			sourceTree = "<group>";
		};
		02C5F4542A0C557300D75D9F /* DropdownMenuFooter */ = {
			isa = PBXGroup;
			children = (
				020D0E532A1E73A6007F3992 /* DropdownMenuFooter.swift */,
				020D0E552A1E73C0007F3992 /* DropdownMenuFooterBuilder.swift */,
			);
			path = DropdownMenuFooter;
			sourceTree = "<group>";
		};
		02C9C9E32A05392A00AA1370 /* Model */ = {
			isa = PBXGroup;
			children = (
				02C9C9E12A05392400AA1370 /* Section.swift */,
				02C5F4302A0BC79900D75D9F /* Row.swift */,
			);
			path = Model;
			sourceTree = "<group>";
		};
		02C9C9E42A058FA500AA1370 /* ListCell */ = {
			isa = PBXGroup;
			children = (
				02C9C9E52A058FB700AA1370 /* ListCellView.swift */,
				02F45AFC2A046F910096A75A /* ListCell.swift */,
			);
			path = ListCell;
			sourceTree = "<group>";
		};
		02C9C9E92A0A774F00AA1370 /* TapGesture */ = {
			isa = PBXGroup;
			children = (
				02D5814E2A20058500150AF9 /* TapGestureBuilder.swift */,
				02D5814C2A20057700150AF9 /* TapGesture.swift */,
			);
			path = TapGesture;
			sourceTree = "<group>";
		};
		02D581542A211F7D00150AF9 /* CustomViews */ = {
			isa = PBXGroup;
			children = (
				02E9743A2A37B9AB00BF14EE /* DockView */,
				021848AB2A251793007E68A4 /* AskChatGPTView */,
				02D581552A21205C00150AF9 /* WeatherForecastView */,
			);
			path = CustomViews;
			sourceTree = "<group>";
		};
		02D581552A21205C00150AF9 /* WeatherForecastView */ = {
			isa = PBXGroup;
			children = (
				02D581562A2120F200150AF9 /* WeatherForecastView.swift */,
			);
			path = WeatherForecastView;
			sourceTree = "<group>";
		};
		02D5815C2A229F0300150AF9 /* Theme */ = {
			isa = PBXGroup;
			children = (
				02D581622A22A19300150AF9 /* Themes */,
				02D581642A22A1B100150AF9 /* ThemeProtocol.swift */,
				02D5815D2A229F1400150AF9 /* Theme.swift */,
			);
			path = Theme;
			sourceTree = "<group>";
		};
		02D581622A22A19300150AF9 /* Themes */ = {
			isa = PBXGroup;
			children = (
				02D581662A22A25900150AF9 /* ThemeDarkDefault.swift */,
			);
			path = Themes;
			sourceTree = "<group>";
		};
		02D71C292A38D9C900DCA291 /* CustomView */ = {
			isa = PBXGroup;
			children = (
				02D71C2A2A38D9E200DCA291 /* PainelProportionView.swift */,
			);
			path = CustomView;
			sourceTree = "<group>";
		};
		02D71C2C2A3A187600DCA291 /* TextFieldConfigKeyboard */ = {
			isa = PBXGroup;
			children = (
				02D71C2D2A3A189C00DCA291 /* TextFieldConfigKeyboard.swift */,
			);
			path = TextFieldConfigKeyboard;
			sourceTree = "<group>";
		};
		02E9740F2A336A2600BF14EE /* Coordinator */ = {
			isa = PBXGroup;
			children = (
				02E974132A3398F000BF14EE /* Coordinator.swift */,
				02E974152A3399B100BF14EE /* HomeCoordinator.swift */,
				02E974172A339B3E00BF14EE /* WeatherCoordinator.swift */,
				02E974252A378AFE00BF14EE /* ProportionCoordinator.swift */,
				02E974442A37D30600BF14EE /* QuizCoordinator.swift */,
				02E9744A2A37F11A00BF14EE /* UpcomingHolidaysCoordinator.swift */,
				02E974502A37F3DF00BF14EE /* BMICalculatorCoordinator.swift */,
			);
			path = Coordinator;
			sourceTree = "<group>";
		};
		02E974102A33949900BF14EE /* FloatNavigationController */ = {
			isa = PBXGroup;
			children = (
				02E974112A3394C700BF14EE /* FloatNavigationController.swift */,
			);
			path = FloatNavigationController;
			sourceTree = "<group>";
		};
		02E9741D2A37886300BF14EE /* Proportion */ = {
			isa = PBXGroup;
			children = (
				02D71C292A38D9C900DCA291 /* CustomView */,
				02E9741E2A37887B00BF14EE /* ProportionView.swift */,
				02E974202A3788A200BF14EE /* ProportionFloatViewController.swift */,
			);
			path = Proportion;
			sourceTree = "<group>";
		};
		02E974222A37890B00BF14EE /* Utils */ = {
			isa = PBXGroup;
			children = (
				02E974232A37892900BF14EE /* UtilsFloatView.swift */,
			);
			path = Utils;
			sourceTree = "<group>";
		};
		02E974272A379B7D00BF14EE /* AlcoholOrGasoline */ = {
			isa = PBXGroup;
			children = (
			);
			path = AlcoholOrGasoline;
			sourceTree = "<group>";
		};
		02E974282A379B9A00BF14EE /* Calculator */ = {
			isa = PBXGroup;
			children = (
			);
			path = Calculator;
			sourceTree = "<group>";
		};
		02E974292A379BAA00BF14EE /* BMICalculator */ = {
			isa = PBXGroup;
			children = (
				02E9744C2A37F2EA00BF14EE /* BMICalculatorView.swift */,
				02E9744E2A37F2FB00BF14EE /* BMICalculatorFloatViewController.swift */,
			);
			path = BMICalculator;
			sourceTree = "<group>";
		};
		02E9742A2A379BC300BF14EE /* TapeMeasure */ = {
			isa = PBXGroup;
			children = (
			);
			path = TapeMeasure;
			sourceTree = "<group>";
		};
		02E9742B2A379BD500BF14EE /* WhatFlower */ = {
			isa = PBXGroup;
			children = (
			);
			path = WhatFlower;
			sourceTree = "<group>";
		};
		02E9742C2A379BF100BF14EE /* ARDice */ = {
			isa = PBXGroup;
			children = (
			);
			path = ARDice;
			sourceTree = "<group>";
		};
		02E9742E2A379C1F00BF14EE /* Hangman */ = {
			isa = PBXGroup;
			children = (
			);
			path = Hangman;
			sourceTree = "<group>";
		};
		02E9742F2A379C3B00BF14EE /* AskChatGPT */ = {
			isa = PBXGroup;
			children = (
			);
			path = AskChatGPT;
			sourceTree = "<group>";
		};
		02E974302A379C6100BF14EE /* UpcomingHolidays */ = {
			isa = PBXGroup;
			children = (
				02E974462A37EF9200BF14EE /* UpcomingHolidaysView.swift */,
				02E974482A37EFB400BF14EE /* UpcomingHolidaysFloatViewController.swift */,
			);
			path = UpcomingHolidays;
			sourceTree = "<group>";
		};
		02E974312A379CB100BF14EE /* Utilities */ = {
			isa = PBXGroup;
			children = (
				02E974272A379B7D00BF14EE /* AlcoholOrGasoline */,
				02E974322A379CCA00BF14EE /* QRCodeReader */,
			);
			path = Utilities;
			sourceTree = "<group>";
		};
		02E974322A379CCA00BF14EE /* QRCodeReader */ = {
			isa = PBXGroup;
			children = (
			);
			path = QRCodeReader;
			sourceTree = "<group>";
		};
		02E974332A379CDA00BF14EE /* Calculators */ = {
			isa = PBXGroup;
			children = (
				02E974292A379BAA00BF14EE /* BMICalculator */,
				02E9741D2A37886300BF14EE /* Proportion */,
				02E974282A379B9A00BF14EE /* Calculator */,
			);
			path = Calculators;
			sourceTree = "<group>";
		};
		02E974342A379D0700BF14EE /* AR - Augmented Reality */ = {
			isa = PBXGroup;
			children = (
				02E974352A379D2B00BF14EE /* InvisibleDevice */,
				02E9742B2A379BD500BF14EE /* WhatFlower */,
				02E9742A2A379BC300BF14EE /* TapeMeasure */,
				02E9742C2A379BF100BF14EE /* ARDice */,
			);
			path = "AR - Augmented Reality";
			sourceTree = "<group>";
		};
		02E974352A379D2B00BF14EE /* InvisibleDevice */ = {
			isa = PBXGroup;
			children = (
			);
			path = InvisibleDevice;
			sourceTree = "<group>";
		};
		02E974362A379D3C00BF14EE /* Games-Entertainment */ = {
			isa = PBXGroup;
			children = (
				02E9743F2A37D20600BF14EE /* Quiz */,
				02E9742E2A379C1F00BF14EE /* Hangman */,
				02E974372A379DA500BF14EE /* TicTacToe */,
			);
			path = "Games-Entertainment";
			sourceTree = "<group>";
		};
		02E974372A379DA500BF14EE /* TicTacToe */ = {
			isa = PBXGroup;
			children = (
			);
			path = TicTacToe;
			sourceTree = "<group>";
		};
		02E974382A379E0600BF14EE /* Informations */ = {
			isa = PBXGroup;
			children = (
				02E974302A379C6100BF14EE /* UpcomingHolidays */,
				021848B22A262584007E68A4 /* Weather */,
				02E9742F2A379C3B00BF14EE /* AskChatGPT */,
			);
			path = Informations;
			sourceTree = "<group>";
		};
		02E974392A379EAF00BF14EE /* FloatControllers */ = {
			isa = PBXGroup;
			children = (
				02E974382A379E0600BF14EE /* Informations */,
				02E974332A379CDA00BF14EE /* Calculators */,
				02E974342A379D0700BF14EE /* AR - Augmented Reality */,
				02E974362A379D3C00BF14EE /* Games-Entertainment */,
				02E974312A379CB100BF14EE /* Utilities */,
			);
			path = FloatControllers;
			sourceTree = "<group>";
		};
		02E9743A2A37B9AB00BF14EE /* DockView */ = {
			isa = PBXGroup;
			children = (
			);
			path = DockView;
			sourceTree = "<group>";
		};
		02E9743B2A37C25400BF14EE /* CustomFloatViews */ = {
			isa = PBXGroup;
			children = (
				02E9743C2A37C53200BF14EE /* TitleFloatView */,
			);
			path = CustomFloatViews;
			sourceTree = "<group>";
		};
		02E9743C2A37C53200BF14EE /* TitleFloatView */ = {
			isa = PBXGroup;
			children = (
				02E9743D2A37C55E00BF14EE /* TitleFloatView.swift */,
			);
			path = TitleFloatView;
			sourceTree = "<group>";
		};
		02E9743F2A37D20600BF14EE /* Quiz */ = {
			isa = PBXGroup;
			children = (
				02E974402A37D25600BF14EE /* QuizView.swift */,
				02E974422A37D27400BF14EE /* QuizFloatViewController.swift */,
			);
			path = Quiz;
			sourceTree = "<group>";
		};
		02F45AF62A043F760096A75A /* Resize */ = {
			isa = PBXGroup;
			children = (
				02F45AF72A043F820096A75A /* Resize.swift */,
			);
			path = Resize;
			sourceTree = "<group>";
		};
		02F45AF92A046F630096A75A /* List */ = {
			isa = PBXGroup;
			children = (
				02C9C9E42A058FA500AA1370 /* ListCell */,
				02C9C9E32A05392A00AA1370 /* Model */,
				02D5814A2A1FF01800150AF9 /* ListActions.swift */,
				02D581482A1FE15900150AF9 /* ListBuilder.swift */,
				02F45AFA2A046F720096A75A /* List.swift */,
			);
			path = List;
			sourceTree = "<group>";
		};
/* End PBXGroup section */

/* Begin PBXNativeTarget section */
		0234A5EC29F9F30F008392EC /* Smaapper */ = {
			isa = PBXNativeTarget;
			buildConfigurationList = 0234A61729F9F310008392EC /* Build configuration list for PBXNativeTarget "Smaapper" */;
			buildPhases = (
				0234A5E929F9F30F008392EC /* Sources */,
				0234A5EA29F9F30F008392EC /* Frameworks */,
				0234A5EB29F9F30F008392EC /* Resources */,
			);
			buildRules = (
			);
			dependencies = (
			);
			name = Smaapper;
			productName = Smaapper;
			productReference = 0234A5ED29F9F30F008392EC /* Smaapper.app */;
			productType = "com.apple.product-type.application";
		};
		0234A60229F9F310008392EC /* SmaapperTests */ = {
			isa = PBXNativeTarget;
			buildConfigurationList = 0234A61A29F9F310008392EC /* Build configuration list for PBXNativeTarget "SmaapperTests" */;
			buildPhases = (
				0234A5FF29F9F310008392EC /* Sources */,
				0234A60029F9F310008392EC /* Frameworks */,
				0234A60129F9F310008392EC /* Resources */,
			);
			buildRules = (
			);
			dependencies = (
				0234A60529F9F310008392EC /* PBXTargetDependency */,
			);
			name = SmaapperTests;
			productName = SmaapperTests;
			productReference = 0234A60329F9F310008392EC /* SmaapperTests.xctest */;
			productType = "com.apple.product-type.bundle.unit-test";
		};
/* End PBXNativeTarget section */

/* Begin PBXProject section */
		0234A5E529F9F30E008392EC /* Project object */ = {
			isa = PBXProject;
			attributes = {
				BuildIndependentTargetsInParallel = 1;
				LastSwiftUpdateCheck = 1430;
				LastUpgradeCheck = 1430;
				TargetAttributes = {
					0234A5EC29F9F30F008392EC = {
						CreatedOnToolsVersion = 14.3;
					};
					0234A60229F9F310008392EC = {
						CreatedOnToolsVersion = 14.3;
						TestTargetID = 0234A5EC29F9F30F008392EC;
					};
				};
			};
			buildConfigurationList = 0234A5E829F9F30E008392EC /* Build configuration list for PBXProject "Smaapper" */;
			compatibilityVersion = "Xcode 14.0";
			developmentRegion = en;
			hasScannedForEncodings = 0;
			knownRegions = (
				en,
				Base,
			);
			mainGroup = 0234A5E429F9F30E008392EC;
			productRefGroup = 0234A5EE29F9F30F008392EC /* Products */;
			projectDirPath = "";
			projectRoot = "";
			targets = (
				0234A5EC29F9F30F008392EC /* Smaapper */,
				0234A60229F9F310008392EC /* SmaapperTests */,
			);
		};
/* End PBXProject section */

/* Begin PBXResourcesBuildPhase section */
		0234A5EB29F9F30F008392EC /* Resources */ = {
			isa = PBXResourcesBuildPhase;
			buildActionMask = 2147483647;
			files = (
				024F18AE2A11527000A39584 /* DropdownMenuData-Orig.json in Resources */,
				02C5F44D2A0C1CAA00D75D9F /* DropdownMenuData.json in Resources */,
				0234A5FD29F9F310008392EC /* LaunchScreen.storyboard in Resources */,
				0234A5FA29F9F310008392EC /* Assets.xcassets in Resources */,
			);
			runOnlyForDeploymentPostprocessing = 0;
		};
		0234A60129F9F310008392EC /* Resources */ = {
			isa = PBXResourcesBuildPhase;
			buildActionMask = 2147483647;
			files = (
			);
			runOnlyForDeploymentPostprocessing = 0;
		};
/* End PBXResourcesBuildPhase section */

/* Begin PBXSourcesBuildPhase section */
		0234A5E929F9F30F008392EC /* Sources */ = {
			isa = PBXSourcesBuildPhase;
			buildActionMask = 2147483647;
			files = (
				0234A94629F9FD3A008392EC /* HomeViewController.swift in Sources */,
				02C5F43A2A0BE74D00D75D9F /* RowDropdownMenuModel.swift in Sources */,
				02D71C2E2A3A189C00DCA291 /* TextFieldConfigKeyboard.swift in Sources */,
				0281DAD62A1409CD00E44F04 /* DockCell.swift in Sources */,
				02E9741F2A37887B00BF14EE /* ProportionView.swift in Sources */,
				02D581672A22A25900150AF9 /* ThemeDarkDefault.swift in Sources */,
				020D0E662A1ED628007F3992 /* TextField.swift in Sources */,
				0234A91D29F9FD3A008392EC /* StartOfConstraintsSizeFlow.swift in Sources */,
				02E9744D2A37F2EA00BF14EE /* BMICalculatorView.swift in Sources */,
				02B792672A1EE427006CEE8E /* TextFieldImageBuilder.swift in Sources */,
				02D5814D2A20057700150AF9 /* TapGesture.swift in Sources */,
				0234A90F29F9FD3A008392EC /* UIView+Extension+Component.swift in Sources */,
				020D0E5F2A1ECD0A007F3992 /* DropdownMenuActions.swift in Sources */,
				024F18A72A0FDB3C00A39584 /* CategoriesView.swift in Sources */,
				0281DAEA2A18445700E44F04 /* ClockNumbers.swift in Sources */,
				02D5814F2A20058500150AF9 /* TapGestureBuilder.swift in Sources */,
				02E9743E2A37C55E00BF14EE /* TitleFloatView.swift in Sources */,
				02D581592A213C2400150AF9 /* CACornerMask+Extension+Component.swift in Sources */,
				0234A90529F9FD3A008392EC /* ImageView.swift in Sources */,
				0234A94529F9FD3A008392EC /* HomeView.swift in Sources */,
				0234A5F129F9F30F008392EC /* AppDelegate.swift in Sources */,
				02E974142A3398F000BF14EE /* Coordinator.swift in Sources */,
				020D0E682A1ED645007F3992 /* TextFieldBuilder.swift in Sources */,
				02D5813D2A1F9F4C00150AF9 /* LabelBuilder.swift in Sources */,
				021848AD2A2517B2007E68A4 /* AskChatGPTView.swift in Sources */,
				0234A91429F9FD3A008392EC /* EndOfConstraintsPositionFlow.swift in Sources */,
				02D581472A1FD86900150AF9 /* StackBuilder.swift in Sources */,
				024F18AC2A11258A00A39584 /* Stack.swift in Sources */,
				02C5F4482A0C1A9500D75D9F /* HomeService.swift in Sources */,
				020D0E542A1E73A6007F3992 /* DropdownMenuFooter.swift in Sources */,
				02E974412A37D25600BF14EE /* QuizView.swift in Sources */,
				0234A94929FA9E8E008392EC /* Gradient.swift in Sources */,
				02C9C9E22A05392400AA1370 /* Section.swift in Sources */,
				02C5F4352A0BE6F400D75D9F /* HomeViewModel.swift in Sources */,
				02C5F44A2A0C1B1700D75D9F /* GenericService.swift in Sources */,
				02D581692A23A2DC00150AF9 /* ValidatePercent.swift in Sources */,
				0234A95D29FB3E47008392EC /* View.swift in Sources */,
				0234A90E29F9FD3A008392EC /* UIColor+Extension+Component.swift in Sources */,
				02E974452A37D30600BF14EE /* QuizCoordinator.swift in Sources */,
				0234A91029F9FD3A008392EC /* Int+Extension+Component.swift in Sources */,
				0281DADE2A16683A00E44F04 /* Blur.swift in Sources */,
				02E974492A37EFB400BF14EE /* UpcomingHolidaysFloatViewController.swift in Sources */,
				02E9741C2A37612A00BF14EE /* HomeViewDockController.swift in Sources */,
				0234A91229F9FD3A008392EC /* EndOfConstraintsSizeFlow.swift in Sources */,
				0234A90D29F9FD3A008392EC /* Fload+Extension+Component.swift in Sources */,
				020D0E522A1E6E5D007F3992 /* BaseBuilder.swift in Sources */,
				02D71C322A3B362800DCA291 /* AllTextFieldsInView.swift in Sources */,
				02D581412A1FAC8700150AF9 /* LabelActions.swift in Sources */,
				02F45AF82A043F820096A75A /* Resize.swift in Sources */,
				0234A91729F9FD3A008392EC /* tests.swift in Sources */,
				0234A92329F9FD3A008392EC /* ShowsScroll.swift in Sources */,
				02D5814B2A1FF01800150AF9 /* ListActions.swift in Sources */,
				02B7926A2A1EE588006CEE8E /* TextFieldPasswordBuilder.swift in Sources */,
				020D0E612A1ECD20007F3992 /* DockActions.swift in Sources */,
				026F797D2A0172D0003947A6 /* NeumorphismBuilder.swift in Sources */,
				0234A91F29F9FD3A008392EC /* Choose.swift in Sources */,
				024F18A92A0FDB4F00A39584 /* CategoriesViewController.swift in Sources */,
				0234A90329F9FD3A008392EC /* BorderBuilder.swift in Sources */,
				02D581532A20CD8A00150AF9 /* ButtonActions.swift in Sources */,
				02C9C9E62A058FB700AA1370 /* ListCellView.swift in Sources */,
				02D71C2B2A38D9E200DCA291 /* PainelProportionView.swift in Sources */,
				02C5F4312A0BC79900D75D9F /* Row.swift in Sources */,
				0281DAE82A18441000E44F04 /* ClockNeumorphism.swift in Sources */,
				0234A91C29F9FD3A008392EC /* StartOfConstraintsPositionFlow.swift in Sources */,
				020D0E5B2A1EADB6007F3992 /* Dock.swift in Sources */,
				02AAD6AB2A28CB3C009381C3 /* ViewActions.swift in Sources */,
				02E974162A3399B100BF14EE /* HomeCoordinator.swift in Sources */,
				02E974432A37D27400BF14EE /* QuizFloatViewController.swift in Sources */,
				0234A91629F9FD3A008392EC /* ConstraintsConstants.swift in Sources */,
				02D581432A1FACBF00150AF9 /* ImageViewActions.swift in Sources */,
				020D0E562A1E73C0007F3992 /* DropdownMenuFooterBuilder.swift in Sources */,
				0234A91E29F9FD3A008392EC /* Alert.swift in Sources */,
				02AAD6AE2A28D99B009381C3 /* FloatViewControllerManager.swift in Sources */,
				0234A96629FC0820008392EC /* ButtonImageBuilder.swift in Sources */,
				02F45AFD2A046F910096A75A /* ListCell.swift in Sources */,
				02D581452A1FCC2B00150AF9 /* BaseActions.swift in Sources */,
				02E9744F2A37F2FB00BF14EE /* BMICalculatorFloatViewController.swift in Sources */,
				02E974512A37F3DF00BF14EE /* BMICalculatorCoordinator.swift in Sources */,
				021848B72A262664007E68A4 /* WeatherView.swift in Sources */,
				0234A5F329F9F30F008392EC /* SceneDelegate.swift in Sources */,
				0234A93D29F9FD3A008392EC /* Button.swift in Sources */,
				02F45AFB2A046F720096A75A /* List.swift in Sources */,
				021848BD2A26C213007E68A4 /* Draggable.swift in Sources */,
				0234A91B29F9FD3A008392EC /* StartOfConstraintsAlignmentFlow.swift in Sources */,
				020D0E5D2A1EADCF007F3992 /* DockBuilder.swift in Sources */,
				02E9744B2A37F11A00BF14EE /* UpcomingHolidaysCoordinator.swift in Sources */,
				02D581492A1FE15900150AF9 /* ListBuilder.swift in Sources */,
				02E974242A37892900BF14EE /* UtilsFloatView.swift in Sources */,
				02D5813F2A1FAA5E00150AF9 /* ImageViewBuilder.swift in Sources */,
				02E974262A378AFE00BF14EE /* ProportionCoordinator.swift in Sources */,
				020D0E582A1E9CE0007F3992 /* ButtonBuilder.swift in Sources */,
				02D5815E2A229F1400150AF9 /* Theme.swift in Sources */,
				0281DAE12A18089800E44F04 /* FloatViewController.swift in Sources */,
				02E974122A3394C700BF14EE /* FloatNavigationController.swift in Sources */,
				021848BB2A26A511007E68A4 /* DraggableBuilder.swift in Sources */,
				0234A91929F9FD3A008392EC /* StartOfConstraintsFlow.swift in Sources */,
				02BE514F2A29379A00901669 /* FloatViewControllerActions.swift in Sources */,
				0234A91529F9FD3A008392EC /* ApplyConstraints.swift in Sources */,
				0234A91A29F9FD3A008392EC /* ConstraintsModel.swift in Sources */,
				0234A91329F9FD3A008392EC /* EndOfConstraintsAlignmentFlow.swift in Sources */,
				02D581572A2120F200150AF9 /* WeatherForecastView.swift in Sources */,
				0234A91829F9FD3A008392EC /* ConstraintsProtocol.swift in Sources */,
				02C5F4382A0BE74000D75D9F /* SectionDropdownMenuModel.swift in Sources */,
				0234A92029F9FD3A008392EC /* Warning.swift in Sources */,
				02D581652A22A1B100150AF9 /* ThemeProtocol.swift in Sources */,
				02D5816B2A23BBC500150AF9 /* GradientBuilder.swift in Sources */,
				0284368C2A1D298000B596DA /* CurrentWindow.swift in Sources */,
				02E974182A339B3E00BF14EE /* WeatherCoordinator.swift in Sources */,
				0234A93629F9FD3A008392EC /* Label.swift in Sources */,
				020D0E4E2A1E5B0E007F3992 /* DropdownMenuBuilder.swift in Sources */,
				02E974212A3788A200BF14EE /* ProportionFloatViewController.swift in Sources */,
				0234A91129F9FD3A008392EC /* ConstraintsViewModel.swift in Sources */,
				021848B42A2625A5007E68A4 /* WeatherFloatViewController.swift in Sources */,
				0234A96329FC0659008392EC /* IconButtonBuilder.swift in Sources */,
				0234A92229F9FD3A008392EC /* Shadow.swift in Sources */,
				020D0E4B2A1E5A6F007F3992 /* DropdownMenu.swift in Sources */,
				02E974472A37EF9200BF14EE /* UpcomingHolidaysView.swift in Sources */,
				020D0E632A1ECE02007F3992 /* ViewBuilder.swift in Sources */,
			);
			runOnlyForDeploymentPostprocessing = 0;
		};
		0234A5FF29F9F310008392EC /* Sources */ = {
			isa = PBXSourcesBuildPhase;
			buildActionMask = 2147483647;
			files = (
				0234A60829F9F310008392EC /* SmaapperTests.swift in Sources */,
			);
			runOnlyForDeploymentPostprocessing = 0;
		};
/* End PBXSourcesBuildPhase section */

/* Begin PBXTargetDependency section */
		0234A60529F9F310008392EC /* PBXTargetDependency */ = {
			isa = PBXTargetDependency;
			target = 0234A5EC29F9F30F008392EC /* Smaapper */;
			targetProxy = 0234A60429F9F310008392EC /* PBXContainerItemProxy */;
		};
/* End PBXTargetDependency section */

/* Begin PBXVariantGroup section */
		0234A5FB29F9F310008392EC /* LaunchScreen.storyboard */ = {
			isa = PBXVariantGroup;
			children = (
				0234A5FC29F9F310008392EC /* Base */,
			);
			name = LaunchScreen.storyboard;
			sourceTree = "<group>";
		};
/* End PBXVariantGroup section */

/* Begin XCBuildConfiguration section */
		0234A61529F9F310008392EC /* Debug */ = {
			isa = XCBuildConfiguration;
			buildSettings = {
				ALWAYS_SEARCH_USER_PATHS = NO;
				CLANG_ANALYZER_NONNULL = YES;
				CLANG_ANALYZER_NUMBER_OBJECT_CONVERSION = YES_AGGRESSIVE;
				CLANG_CXX_LANGUAGE_STANDARD = "gnu++20";
				CLANG_ENABLE_MODULES = YES;
				CLANG_ENABLE_OBJC_ARC = YES;
				CLANG_ENABLE_OBJC_WEAK = YES;
				CLANG_WARN_BLOCK_CAPTURE_AUTORELEASING = YES;
				CLANG_WARN_BOOL_CONVERSION = YES;
				CLANG_WARN_COMMA = YES;
				CLANG_WARN_CONSTANT_CONVERSION = YES;
				CLANG_WARN_DEPRECATED_OBJC_IMPLEMENTATIONS = YES;
				CLANG_WARN_DIRECT_OBJC_ISA_USAGE = YES_ERROR;
				CLANG_WARN_DOCUMENTATION_COMMENTS = YES;
				CLANG_WARN_EMPTY_BODY = YES;
				CLANG_WARN_ENUM_CONVERSION = YES;
				CLANG_WARN_INFINITE_RECURSION = YES;
				CLANG_WARN_INT_CONVERSION = YES;
				CLANG_WARN_NON_LITERAL_NULL_CONVERSION = YES;
				CLANG_WARN_OBJC_IMPLICIT_RETAIN_SELF = YES;
				CLANG_WARN_OBJC_LITERAL_CONVERSION = YES;
				CLANG_WARN_OBJC_ROOT_CLASS = YES_ERROR;
				CLANG_WARN_QUOTED_INCLUDE_IN_FRAMEWORK_HEADER = YES;
				CLANG_WARN_RANGE_LOOP_ANALYSIS = YES;
				CLANG_WARN_STRICT_PROTOTYPES = YES;
				CLANG_WARN_SUSPICIOUS_MOVE = YES;
				CLANG_WARN_UNGUARDED_AVAILABILITY = YES_AGGRESSIVE;
				CLANG_WARN_UNREACHABLE_CODE = YES;
				CLANG_WARN__DUPLICATE_METHOD_MATCH = YES;
				COPY_PHASE_STRIP = NO;
				DEBUG_INFORMATION_FORMAT = dwarf;
				ENABLE_STRICT_OBJC_MSGSEND = YES;
				ENABLE_TESTABILITY = YES;
				GCC_C_LANGUAGE_STANDARD = gnu11;
				GCC_DYNAMIC_NO_PIC = NO;
				GCC_NO_COMMON_BLOCKS = YES;
				GCC_OPTIMIZATION_LEVEL = 0;
				GCC_PREPROCESSOR_DEFINITIONS = (
					"DEBUG=1",
					"$(inherited)",
				);
				GCC_WARN_64_TO_32_BIT_CONVERSION = YES;
				GCC_WARN_ABOUT_RETURN_TYPE = YES_ERROR;
				GCC_WARN_UNDECLARED_SELECTOR = YES;
				GCC_WARN_UNINITIALIZED_AUTOS = YES_AGGRESSIVE;
				GCC_WARN_UNUSED_FUNCTION = YES;
				GCC_WARN_UNUSED_VARIABLE = YES;
				IPHONEOS_DEPLOYMENT_TARGET = 15.0;
				MTL_ENABLE_DEBUG_INFO = INCLUDE_SOURCE;
				MTL_FAST_MATH = YES;
				ONLY_ACTIVE_ARCH = YES;
				SDKROOT = iphoneos;
				SWIFT_ACTIVE_COMPILATION_CONDITIONS = DEBUG;
				SWIFT_OPTIMIZATION_LEVEL = "-Onone";
			};
			name = Debug;
		};
		0234A61629F9F310008392EC /* Release */ = {
			isa = XCBuildConfiguration;
			buildSettings = {
				ALWAYS_SEARCH_USER_PATHS = NO;
				CLANG_ANALYZER_NONNULL = YES;
				CLANG_ANALYZER_NUMBER_OBJECT_CONVERSION = YES_AGGRESSIVE;
				CLANG_CXX_LANGUAGE_STANDARD = "gnu++20";
				CLANG_ENABLE_MODULES = YES;
				CLANG_ENABLE_OBJC_ARC = YES;
				CLANG_ENABLE_OBJC_WEAK = YES;
				CLANG_WARN_BLOCK_CAPTURE_AUTORELEASING = YES;
				CLANG_WARN_BOOL_CONVERSION = YES;
				CLANG_WARN_COMMA = YES;
				CLANG_WARN_CONSTANT_CONVERSION = YES;
				CLANG_WARN_DEPRECATED_OBJC_IMPLEMENTATIONS = YES;
				CLANG_WARN_DIRECT_OBJC_ISA_USAGE = YES_ERROR;
				CLANG_WARN_DOCUMENTATION_COMMENTS = YES;
				CLANG_WARN_EMPTY_BODY = YES;
				CLANG_WARN_ENUM_CONVERSION = YES;
				CLANG_WARN_INFINITE_RECURSION = YES;
				CLANG_WARN_INT_CONVERSION = YES;
				CLANG_WARN_NON_LITERAL_NULL_CONVERSION = YES;
				CLANG_WARN_OBJC_IMPLICIT_RETAIN_SELF = YES;
				CLANG_WARN_OBJC_LITERAL_CONVERSION = YES;
				CLANG_WARN_OBJC_ROOT_CLASS = YES_ERROR;
				CLANG_WARN_QUOTED_INCLUDE_IN_FRAMEWORK_HEADER = YES;
				CLANG_WARN_RANGE_LOOP_ANALYSIS = YES;
				CLANG_WARN_STRICT_PROTOTYPES = YES;
				CLANG_WARN_SUSPICIOUS_MOVE = YES;
				CLANG_WARN_UNGUARDED_AVAILABILITY = YES_AGGRESSIVE;
				CLANG_WARN_UNREACHABLE_CODE = YES;
				CLANG_WARN__DUPLICATE_METHOD_MATCH = YES;
				COPY_PHASE_STRIP = NO;
				DEBUG_INFORMATION_FORMAT = "dwarf-with-dsym";
				ENABLE_NS_ASSERTIONS = NO;
				ENABLE_STRICT_OBJC_MSGSEND = YES;
				GCC_C_LANGUAGE_STANDARD = gnu11;
				GCC_NO_COMMON_BLOCKS = YES;
				GCC_WARN_64_TO_32_BIT_CONVERSION = YES;
				GCC_WARN_ABOUT_RETURN_TYPE = YES_ERROR;
				GCC_WARN_UNDECLARED_SELECTOR = YES;
				GCC_WARN_UNINITIALIZED_AUTOS = YES_AGGRESSIVE;
				GCC_WARN_UNUSED_FUNCTION = YES;
				GCC_WARN_UNUSED_VARIABLE = YES;
				IPHONEOS_DEPLOYMENT_TARGET = 15.0;
				MTL_ENABLE_DEBUG_INFO = NO;
				MTL_FAST_MATH = YES;
				SDKROOT = iphoneos;
				SWIFT_COMPILATION_MODE = wholemodule;
				SWIFT_OPTIMIZATION_LEVEL = "-O";
				VALIDATE_PRODUCT = YES;
			};
			name = Release;
		};
		0234A61829F9F310008392EC /* Debug */ = {
			isa = XCBuildConfiguration;
			buildSettings = {
				ASSETCATALOG_COMPILER_APPICON_NAME = AppIcon;
				ASSETCATALOG_COMPILER_GLOBAL_ACCENT_COLOR_NAME = AccentColor;
				CODE_SIGN_STYLE = Automatic;
				CURRENT_PROJECT_VERSION = 1;
				DEVELOPMENT_TEAM = 2HCBZJR5K3;
				GENERATE_INFOPLIST_FILE = YES;
				INFOPLIST_FILE = Smaapper/Info.plist;
				INFOPLIST_KEY_UIApplicationSupportsIndirectInputEvents = YES;
				INFOPLIST_KEY_UILaunchStoryboardName = LaunchScreen;
				INFOPLIST_KEY_UIMainStoryboardFile = "";
				INFOPLIST_KEY_UISupportedInterfaceOrientations_iPad = "UIInterfaceOrientationPortrait UIInterfaceOrientationPortraitUpsideDown UIInterfaceOrientationLandscapeLeft UIInterfaceOrientationLandscapeRight";
				INFOPLIST_KEY_UISupportedInterfaceOrientations_iPhone = "UIInterfaceOrientationPortrait UIInterfaceOrientationLandscapeLeft UIInterfaceOrientationLandscapeRight";
				IPHONEOS_DEPLOYMENT_TARGET = 15.0;
				LD_RUNPATH_SEARCH_PATHS = (
					"$(inherited)",
					"@executable_path/Frameworks",
				);
				MARKETING_VERSION = 1.0;
				PRODUCT_BUNDLE_IDENTIFIER = br.com.compa.Smaapper;
				PRODUCT_NAME = "$(TARGET_NAME)";
				SWIFT_EMIT_LOC_STRINGS = YES;
				SWIFT_VERSION = 5.0;
				TARGETED_DEVICE_FAMILY = "1,2";
			};
			name = Debug;
		};
		0234A61929F9F310008392EC /* Release */ = {
			isa = XCBuildConfiguration;
			buildSettings = {
				ASSETCATALOG_COMPILER_APPICON_NAME = AppIcon;
				ASSETCATALOG_COMPILER_GLOBAL_ACCENT_COLOR_NAME = AccentColor;
				CODE_SIGN_STYLE = Automatic;
				CURRENT_PROJECT_VERSION = 1;
				DEVELOPMENT_TEAM = 2HCBZJR5K3;
				GENERATE_INFOPLIST_FILE = YES;
				INFOPLIST_FILE = Smaapper/Info.plist;
				INFOPLIST_KEY_UIApplicationSupportsIndirectInputEvents = YES;
				INFOPLIST_KEY_UILaunchStoryboardName = LaunchScreen;
				INFOPLIST_KEY_UIMainStoryboardFile = "";
				INFOPLIST_KEY_UISupportedInterfaceOrientations_iPad = "UIInterfaceOrientationPortrait UIInterfaceOrientationPortraitUpsideDown UIInterfaceOrientationLandscapeLeft UIInterfaceOrientationLandscapeRight";
				INFOPLIST_KEY_UISupportedInterfaceOrientations_iPhone = "UIInterfaceOrientationPortrait UIInterfaceOrientationLandscapeLeft UIInterfaceOrientationLandscapeRight";
				IPHONEOS_DEPLOYMENT_TARGET = 15.0;
				LD_RUNPATH_SEARCH_PATHS = (
					"$(inherited)",
					"@executable_path/Frameworks",
				);
				MARKETING_VERSION = 1.0;
				PRODUCT_BUNDLE_IDENTIFIER = br.com.compa.Smaapper;
				PRODUCT_NAME = "$(TARGET_NAME)";
				SWIFT_EMIT_LOC_STRINGS = YES;
				SWIFT_VERSION = 5.0;
				TARGETED_DEVICE_FAMILY = "1,2";
			};
			name = Release;
		};
		0234A61B29F9F310008392EC /* Debug */ = {
			isa = XCBuildConfiguration;
			buildSettings = {
				ALWAYS_EMBED_SWIFT_STANDARD_LIBRARIES = YES;
				BUNDLE_LOADER = "$(TEST_HOST)";
				CODE_SIGN_STYLE = Automatic;
				CURRENT_PROJECT_VERSION = 1;
				DEVELOPMENT_TEAM = 2HCBZJR5K3;
				GENERATE_INFOPLIST_FILE = YES;
				IPHONEOS_DEPLOYMENT_TARGET = 16.4;
				MARKETING_VERSION = 1.0;
				PRODUCT_BUNDLE_IDENTIFIER = br.com.compa.SmaapperTests;
				PRODUCT_NAME = "$(TARGET_NAME)";
				SWIFT_EMIT_LOC_STRINGS = NO;
				SWIFT_VERSION = 5.0;
				TARGETED_DEVICE_FAMILY = "1,2";
				TEST_HOST = "$(BUILT_PRODUCTS_DIR)/Smaapper.app/$(BUNDLE_EXECUTABLE_FOLDER_PATH)/Smaapper";
			};
			name = Debug;
		};
		0234A61C29F9F310008392EC /* Release */ = {
			isa = XCBuildConfiguration;
			buildSettings = {
				ALWAYS_EMBED_SWIFT_STANDARD_LIBRARIES = YES;
				BUNDLE_LOADER = "$(TEST_HOST)";
				CODE_SIGN_STYLE = Automatic;
				CURRENT_PROJECT_VERSION = 1;
				DEVELOPMENT_TEAM = 2HCBZJR5K3;
				GENERATE_INFOPLIST_FILE = YES;
				IPHONEOS_DEPLOYMENT_TARGET = 16.4;
				MARKETING_VERSION = 1.0;
				PRODUCT_BUNDLE_IDENTIFIER = br.com.compa.SmaapperTests;
				PRODUCT_NAME = "$(TARGET_NAME)";
				SWIFT_EMIT_LOC_STRINGS = NO;
				SWIFT_VERSION = 5.0;
				TARGETED_DEVICE_FAMILY = "1,2";
				TEST_HOST = "$(BUILT_PRODUCTS_DIR)/Smaapper.app/$(BUNDLE_EXECUTABLE_FOLDER_PATH)/Smaapper";
			};
			name = Release;
		};
/* End XCBuildConfiguration section */

/* Begin XCConfigurationList section */
		0234A5E829F9F30E008392EC /* Build configuration list for PBXProject "Smaapper" */ = {
			isa = XCConfigurationList;
			buildConfigurations = (
				0234A61529F9F310008392EC /* Debug */,
				0234A61629F9F310008392EC /* Release */,
			);
			defaultConfigurationIsVisible = 0;
			defaultConfigurationName = Release;
		};
		0234A61729F9F310008392EC /* Build configuration list for PBXNativeTarget "Smaapper" */ = {
			isa = XCConfigurationList;
			buildConfigurations = (
				0234A61829F9F310008392EC /* Debug */,
				0234A61929F9F310008392EC /* Release */,
			);
			defaultConfigurationIsVisible = 0;
			defaultConfigurationName = Release;
		};
		0234A61A29F9F310008392EC /* Build configuration list for PBXNativeTarget "SmaapperTests" */ = {
			isa = XCConfigurationList;
			buildConfigurations = (
				0234A61B29F9F310008392EC /* Debug */,
				0234A61C29F9F310008392EC /* Release */,
			);
			defaultConfigurationIsVisible = 0;
			defaultConfigurationName = Release;
		};
/* End XCConfigurationList section */
	};
	rootObject = 0234A5E529F9F30E008392EC /* Project object */;
}
